{
  "name": "docs",
  "version": "3.0.5",
  "lockfileVersion": 2,
  "requires": true,
  "packages": {
    "": {
      "name": "docs",
      "version": "3.0.5",
      "dependencies": {
        "feather-icons": "^4.29.0",
        "list.js": "^2.3.1",
        "scroll-stash": "^1.1.2",
        "svgxuse": "^1.2.6",
        "vrembem": "^3.0.5",
        "wicg-inert": "^3.1.1"
      }
    },
    "../packages/base": {
      "name": "@vrembem/base",
      "version": "1.37.0",
      "extraneous": true,
      "license": "MIT",
      "dependencies": {
        "@vrembem/core": "^1.37.0"
      }
    },
    "../packages/breadcrumb": {
      "name": "@vrembem/breadcrumb",
      "version": "1.37.0",
      "extraneous": true,
      "license": "MIT",
      "dependencies": {
        "@vrembem/base": "^1.37.0",
        "@vrembem/core": "^1.37.0"
      }
    },
    "../packages/button": {
      "name": "@vrembem/button",
      "version": "1.37.0",
      "extraneous": true,
      "license": "MIT",
      "dependencies": {
        "@vrembem/core": "^1.37.0"
      }
    },
    "../packages/button-group": {
      "name": "@vrembem/button-group",
      "version": "1.37.0",
      "extraneous": true,
      "license": "MIT",
      "dependencies": {
        "@vrembem/core": "^1.37.0"
      }
    },
    "../packages/card": {
      "name": "@vrembem/card",
      "version": "1.37.0",
      "extraneous": true,
      "license": "MIT",
      "dependencies": {
        "@vrembem/core": "^1.37.0"
      }
    },
    "../packages/checkbox": {
      "name": "@vrembem/checkbox",
      "version": "1.37.0",
      "extraneous": true,
      "license": "MIT",
      "dependencies": {
        "@vrembem/core": "^1.37.0"
      }
    },
    "../packages/core": {
      "name": "@vrembem/core",
      "version": "1.37.0",
      "extraneous": true,
      "license": "MIT",
      "dependencies": {
        "focusable-selectors": "^0.3.1"
      }
    },
    "../packages/dialog": {
      "name": "@vrembem/dialog",
      "version": "1.37.0",
      "extraneous": true,
      "license": "MIT",
      "dependencies": {
        "@vrembem/core": "^1.37.0"
      }
    },
    "../packages/drawer": {
      "name": "@vrembem/drawer",
      "version": "1.37.0",
      "extraneous": true,
      "license": "MIT",
      "dependencies": {
        "@vrembem/core": "^1.37.0"
      }
    },
    "../packages/grid": {
      "name": "@vrembem/grid",
      "version": "1.37.0",
      "extraneous": true,
      "license": "MIT",
      "dependencies": {
        "@vrembem/core": "^1.37.0"
      }
    },
    "../packages/icon": {
      "name": "@vrembem/icon",
      "version": "1.37.0",
      "extraneous": true,
      "license": "MIT",
      "dependencies": {
        "@vrembem/core": "^1.37.0"
      }
    },
    "../packages/icon-action": {
      "name": "@vrembem/icon-action",
      "version": "1.37.0",
      "extraneous": true,
      "license": "MIT",
      "dependencies": {
        "@vrembem/core": "^1.37.0"
      }
    },
    "../packages/input": {
      "name": "@vrembem/input",
      "version": "1.37.0",
      "extraneous": true,
      "license": "MIT",
      "dependencies": {
        "@vrembem/core": "^1.37.0"
      }
    },
    "../packages/level": {
      "name": "@vrembem/level",
      "version": "1.37.0",
      "extraneous": true,
      "license": "MIT",
      "dependencies": {
        "@vrembem/core": "^1.37.0"
      }
    },
    "../packages/media": {
      "name": "@vrembem/media",
      "version": "1.37.0",
      "extraneous": true,
      "license": "MIT",
      "dependencies": {
        "@vrembem/core": "^1.37.0"
      }
    },
    "../packages/menu": {
      "name": "@vrembem/menu",
      "version": "1.37.0",
      "extraneous": true,
      "license": "MIT",
      "dependencies": {
        "@vrembem/core": "^1.37.0"
      }
    },
    "../packages/modal": {
      "name": "@vrembem/modal",
      "version": "1.37.0",
      "extraneous": true,
      "license": "MIT",
      "dependencies": {
        "@vrembem/core": "^1.37.0"
      }
    },
    "../packages/notice": {
      "name": "@vrembem/notice",
      "version": "1.37.0",
      "extraneous": true,
      "license": "MIT",
      "dependencies": {
        "@vrembem/core": "^1.37.0"
      }
    },
    "../packages/popover": {
      "name": "@vrembem/popover",
      "version": "1.37.0",
      "extraneous": true,
      "license": "MIT",
      "dependencies": {
        "@popperjs/core": "^2.11.2"
      }
    },
    "../packages/radio": {
      "name": "@vrembem/radio",
      "version": "1.37.0",
      "extraneous": true,
      "license": "MIT",
      "dependencies": {
        "@vrembem/core": "^1.37.0"
      }
    },
    "../packages/section": {
      "name": "@vrembem/section",
      "version": "1.37.0",
      "extraneous": true,
      "license": "MIT",
      "dependencies": {
        "@vrembem/core": "^1.37.0"
      }
    },
    "../packages/switch": {
      "name": "@vrembem/switch",
      "version": "1.37.0",
      "extraneous": true,
      "license": "MIT",
      "dependencies": {
        "@vrembem/core": "^1.37.0"
      }
    },
    "../packages/table": {
      "name": "@vrembem/table",
      "version": "1.37.0",
      "extraneous": true,
      "license": "MIT",
      "dependencies": {
        "@vrembem/core": "^1.37.0"
      }
    },
    "../packages/tooltip": {
      "name": "@vrembem/tooltip",
      "version": "1.37.0",
      "extraneous": true,
      "license": "MIT",
      "dependencies": {
        "@vrembem/core": "^1.37.0"
      }
    },
    "../packages/utility": {
      "name": "@vrembem/utility",
      "version": "1.37.0",
      "extraneous": true,
      "license": "MIT",
      "dependencies": {
        "@vrembem/core": "^1.37.0"
      }
    },
    "../packages/vrembem": {
      "version": "1.37.0",
      "extraneous": true,
      "license": "MIT",
      "dependencies": {
        "@vrembem/base": "^1.37.0",
        "@vrembem/breadcrumb": "^1.37.0",
        "@vrembem/button": "^1.37.0",
        "@vrembem/button-group": "^1.37.0",
        "@vrembem/card": "^1.37.0",
        "@vrembem/checkbox": "^1.37.0",
        "@vrembem/core": "^1.37.0",
        "@vrembem/dialog": "^1.37.0",
        "@vrembem/drawer": "^1.37.0",
        "@vrembem/grid": "^1.37.0",
        "@vrembem/icon": "^1.37.0",
        "@vrembem/icon-action": "^1.37.0",
        "@vrembem/input": "^1.37.0",
        "@vrembem/level": "^1.37.0",
        "@vrembem/media": "^1.37.0",
        "@vrembem/menu": "^1.37.0",
        "@vrembem/modal": "^1.37.0",
        "@vrembem/notice": "^1.37.0",
        "@vrembem/popover": "^1.37.0",
        "@vrembem/radio": "^1.37.0",
        "@vrembem/section": "^1.37.0",
        "@vrembem/switch": "^1.37.0",
        "@vrembem/table": "^1.37.0",
        "@vrembem/tooltip": "^1.37.0",
        "@vrembem/utility": "^1.37.0"
      }
    },
    "node_modules/@popperjs/core": {
      "version": "2.11.5",
      "resolved": "https://registry.npmjs.org/@popperjs/core/-/core-2.11.5.tgz",
      "integrity": "sha512-9X2obfABZuDVLCgPK9aX0a/x4jaOEweTTWE2+9sr0Qqqevj2Uv5XorvusThmc9XGYpS9yI+fhh8RTafBtGposw==",
      "funding": {
        "type": "opencollective",
        "url": "https://opencollective.com/popperjs"
      }
    },
    "node_modules/@vrembem/base": {
      "version": "3.0.5",
      "resolved": "https://registry.npmjs.org/@vrembem/base/-/base-3.0.5.tgz",
      "integrity": "sha512-OriEVmU0tzt6f9Ax7Bf8t/GvUL/mT/iads9sNlfk2yh+kd8BZVVk6BmK//O+Nj67EjB551TjRasRBHJq5QhtIw==",
      "dependencies": {
        "@vrembem/core": "^3.0.5"
      }
    },
    "node_modules/@vrembem/breadcrumb": {
      "version": "3.0.5",
      "resolved": "https://registry.npmjs.org/@vrembem/breadcrumb/-/breadcrumb-3.0.5.tgz",
      "integrity": "sha512-NrQD5Bif5PGD3B1bzLjrmY7NRF0zAHViGFQI5aIGO2OI2k+CCjFRwT12NvUuH95fLwHOrcS1qiuSEGhV06f03w==",
      "dependencies": {
        "@vrembem/base": "^3.0.5",
        "@vrembem/core": "^3.0.5"
      }
    },
    "node_modules/@vrembem/button": {
      "version": "3.0.5",
      "resolved": "https://registry.npmjs.org/@vrembem/button/-/button-3.0.5.tgz",
      "integrity": "sha512-6rUAimSBM2aOc1wHjnR5msDvDo9XDW5toNLLPsWjEAv9Oc7dwBp1InUlVlorS6NZx4SO137lB6qJMVDFgoyHrA==",
      "dependencies": {
        "@vrembem/core": "^3.0.5"
      }
    },
    "node_modules/@vrembem/button-group": {
      "version": "3.0.5",
      "resolved": "https://registry.npmjs.org/@vrembem/button-group/-/button-group-3.0.5.tgz",
      "integrity": "sha512-F2LHlB17fYAS1wQbMX7dJ9TT1gDGzia0wHrc8zOAdSRBt8acNd89d30PWr4wufeUdWbAN+A79NP/zotBDJ+y1Q==",
      "dependencies": {
        "@vrembem/core": "^3.0.5"
      }
    },
    "node_modules/@vrembem/card": {
      "version": "3.0.5",
      "resolved": "https://registry.npmjs.org/@vrembem/card/-/card-3.0.5.tgz",
      "integrity": "sha512-Nix2jvE2V/7ejw8gth16DTTfN/bnyAvw19+MgGcMuBZZbumd//6kPgHNoUCI9ME+7+KfTJiNmEaZmQoQ8VU4AA==",
      "dependencies": {
        "@vrembem/core": "^3.0.5"
      }
    },
    "node_modules/@vrembem/checkbox": {
      "version": "3.0.5",
      "resolved": "https://registry.npmjs.org/@vrembem/checkbox/-/checkbox-3.0.5.tgz",
      "integrity": "sha512-qobXcAZpjhOqJ9uN1isKH6F7BCXDbioDuLsbnV/uuCproP4BMU0Js/L7JDMdAx6MKPUsHsOBn9q4s+1XhksNbQ==",
      "dependencies": {
        "@vrembem/core": "^3.0.5"
      }
    },
    "node_modules/@vrembem/core": {
      "version": "3.0.5",
      "resolved": "https://registry.npmjs.org/@vrembem/core/-/core-3.0.5.tgz",
      "integrity": "sha512-g6DTQMbANYrGmzrP+ftxekmImIGVx9lJr2G+HbPU5dCkmHblEr0BwsfpyrJddHa7Wg/yUtpN7Np6DhquQkTQsA==",
      "dependencies": {
        "focusable-selectors": "^0.3.1"
      }
    },
    "node_modules/@vrembem/dialog": {
      "version": "3.0.5",
      "resolved": "https://registry.npmjs.org/@vrembem/dialog/-/dialog-3.0.5.tgz",
      "integrity": "sha512-yCkmM1yoj0ftKbPz3IQ1p9KwV3/mP/CcDVyjfNW5ew6BmXi1NpazYv+lVZ5Kx0hvrdeZLxPa1evC+Pssyc/TNw==",
      "dependencies": {
        "@vrembem/core": "^3.0.5"
      }
    },
    "node_modules/@vrembem/drawer": {
      "version": "3.0.5",
      "resolved": "https://registry.npmjs.org/@vrembem/drawer/-/drawer-3.0.5.tgz",
      "integrity": "sha512-JqUMOjBL+XSsDmEVJZ1SFfLn+RW3l5FDOe6Bh4YW3dPiVZfh3+0NndYmPE/wxEMsS5sqA1JCJjS6wfxPlgHS3g==",
      "dependencies": {
        "@vrembem/core": "^3.0.5"
      }
    },
    "node_modules/@vrembem/grid": {
      "version": "3.0.5",
      "resolved": "https://registry.npmjs.org/@vrembem/grid/-/grid-3.0.5.tgz",
      "integrity": "sha512-AtEvN5waMpNo17b7OSXHRit4sjo/NN6K0tcoDJoIfYg3hsYDjcznhB/bX955pYFOoMYq0AeE8acj/NVb57Kkdw==",
      "dependencies": {
        "@vrembem/core": "^3.0.5"
      }
    },
    "node_modules/@vrembem/icon": {
      "version": "3.0.5",
      "resolved": "https://registry.npmjs.org/@vrembem/icon/-/icon-3.0.5.tgz",
      "integrity": "sha512-jAT9IWXNfpHEoSLnLA54Sii1Xa2rrDoaPILoly+aXyVyGNKakQzqSI9psxWfJiEbhxbngwOp4zb5KcY4hSZLsg==",
      "dependencies": {
        "@vrembem/core": "^3.0.5"
      }
    },
    "node_modules/@vrembem/icon-action": {
      "version": "3.0.5",
      "resolved": "https://registry.npmjs.org/@vrembem/icon-action/-/icon-action-3.0.5.tgz",
      "integrity": "sha512-Yv6//MjxRb51O7jgXGc/Hu2+9xfNqU9TduTwONrr85aR4K1DfMg3iZ3UnONSmsSswywWApEY9/ocAiBaG2KNlQ==",
      "dependencies": {
        "@vrembem/core": "^3.0.5"
      }
    },
    "node_modules/@vrembem/input": {
      "version": "3.0.5",
      "resolved": "https://registry.npmjs.org/@vrembem/input/-/input-3.0.5.tgz",
      "integrity": "sha512-PzISQRb3ZHMZ1LdOIQNjILEvqzXizuFCzzIV0sdCLRA5SmAWHoKsBYo42MNI76WxkK34MsbWVn9Y/rtaF+jj/w==",
      "dependencies": {
        "@vrembem/core": "^3.0.5"
      }
    },
    "node_modules/@vrembem/level": {
      "version": "3.0.5",
      "resolved": "https://registry.npmjs.org/@vrembem/level/-/level-3.0.5.tgz",
      "integrity": "sha512-I/t/ZtCHbz7X6R2RTsCVn6ifXQ3ousTHw673tAPPOhM4Amew19AHrzsb9mQXBLzH6JA8NGfEr2CHPCmFrZKnmQ==",
      "dependencies": {
        "@vrembem/core": "^3.0.5"
      }
    },
    "node_modules/@vrembem/media": {
      "version": "3.0.5",
      "resolved": "https://registry.npmjs.org/@vrembem/media/-/media-3.0.5.tgz",
      "integrity": "sha512-mKqI6BnUk5zETKxGSg+RrkW5obEX+5EStZBPOZ3XEyZtpjEISdeZZxFzUQ6qOD8nEEfYn0+QWRXXOp+K40eeHQ==",
      "dependencies": {
        "@vrembem/core": "^3.0.5"
      }
    },
    "node_modules/@vrembem/menu": {
      "version": "3.0.5",
      "resolved": "https://registry.npmjs.org/@vrembem/menu/-/menu-3.0.5.tgz",
      "integrity": "sha512-0Fjfo0U+rgzmt8ZZOzXVObIudy/0TBiushcBibLUuNuUrpEW17VTgiW1369t95QxD1P96HLV+JXMCus7dFvH9w==",
      "dependencies": {
        "@vrembem/core": "^3.0.5"
      }
    },
    "node_modules/@vrembem/modal": {
      "version": "3.0.5",
      "resolved": "https://registry.npmjs.org/@vrembem/modal/-/modal-3.0.5.tgz",
      "integrity": "sha512-TfWFF+t7Mrck1vcqJeuaXvnHTgObRAHCFdsbYOvfxx0vJmDcWXD/WaTLykg58W5IW66GuLD6ChI8n+Qhjp1nuA==",
      "dependencies": {
        "@vrembem/core": "^3.0.5"
      }
    },
    "node_modules/@vrembem/notice": {
      "version": "3.0.5",
      "resolved": "https://registry.npmjs.org/@vrembem/notice/-/notice-3.0.5.tgz",
      "integrity": "sha512-PhyHu/xIfupag90ohWEQBl52dxcqmJC4WnTsf21Ott/jsrpJbC8lp8IA8kWtsTDxFuLIyVbNZDvtgBW1wL3wlQ==",
      "dependencies": {
        "@vrembem/core": "^3.0.5"
      }
    },
    "node_modules/@vrembem/popover": {
      "version": "3.0.5",
      "resolved": "https://registry.npmjs.org/@vrembem/popover/-/popover-3.0.5.tgz",
      "integrity": "sha512-KsHfHVsd+npqAvNi7yQP7H2pgfZdgQH6OoEb6xRqaMvbNBmIkK6Pz5+7cjkbR0nlKJFyM1cJypBj2KtGr6bq+g==",
      "dependencies": {
        "@popperjs/core": "^2.11.4",
        "@vrembem/core": "^3.0.5"
      }
    },
    "node_modules/@vrembem/radio": {
      "version": "3.0.5",
      "resolved": "https://registry.npmjs.org/@vrembem/radio/-/radio-3.0.5.tgz",
      "integrity": "sha512-DF0+k1V+K0oWXSqb4A4NEUgO7whFeOaHrDf1xBX2uWWz9Ju2KF++JD0E5a/6GPooPvRr2eU8SlCFx9/Ioi/XtA==",
      "dependencies": {
        "@vrembem/core": "^3.0.5"
      }
    },
    "node_modules/@vrembem/section": {
      "version": "3.0.5",
      "resolved": "https://registry.npmjs.org/@vrembem/section/-/section-3.0.5.tgz",
      "integrity": "sha512-1sUNh+UZEIlxNO412gf8Weluj0gl3jAmxitAgOImPNRsJrySjpG4GbzOLqz+1R3VZdWI8dFlX6dWFve9Xkb17Q==",
      "dependencies": {
        "@vrembem/core": "^3.0.5"
      }
    },
    "node_modules/@vrembem/switch": {
      "version": "3.0.5",
      "resolved": "https://registry.npmjs.org/@vrembem/switch/-/switch-3.0.5.tgz",
      "integrity": "sha512-/EGeOvviKomYOwtxsjZZf5nYYZbM2lI8Z2DlvkXgkPSFQgQ0si7zqnmMdPGo5Ycn++afnkrJ4ZWbFCO9O3liRA==",
      "dependencies": {
        "@vrembem/core": "^3.0.5"
      }
    },
    "node_modules/@vrembem/table": {
      "version": "3.0.5",
      "resolved": "https://registry.npmjs.org/@vrembem/table/-/table-3.0.5.tgz",
      "integrity": "sha512-vdkTZYn6mgS+aNE0KiVlhrs+SDrSwVtzwgouRqT5uqwPtoVvTonPbbuyt+eIFOkx43HGjcD4vJXvUdpcMoi6og==",
      "dependencies": {
        "@vrembem/core": "^3.0.5"
      }
    },
    "node_modules/@vrembem/utility": {
      "version": "3.0.5",
      "resolved": "https://registry.npmjs.org/@vrembem/utility/-/utility-3.0.5.tgz",
      "integrity": "sha512-ZMqDNk9zGLttLh/9VvtKPp/P8ynB8zhbepq2aCdyVsKlJvjVFQDtpr+qMaB3BYN2ooXgDe7M5UiEbLVOoGTEcQ==",
      "dependencies": {
        "@vrembem/core": "^3.0.5"
      }
    },
    "node_modules/classnames": {
      "version": "2.2.6",
      "license": "MIT"
    },
    "node_modules/core-js": {
      "version": "3.6.5",
      "hasInstallScript": true,
      "license": "MIT",
      "funding": {
        "type": "opencollective",
        "url": "https://opencollective.com/core-js"
      }
    },
    "node_modules/feather-icons": {
      "version": "4.29.0",
      "resolved": "https://registry.npmjs.org/feather-icons/-/feather-icons-4.29.0.tgz",
      "integrity": "sha512-Y7VqN9FYb8KdaSF0qD1081HCkm0v4Eq/fpfQYQnubpqi0hXx14k+gF9iqtRys1SIcTEi97xDi/fmsPFZ8xo0GQ==",
      "dependencies": {
        "classnames": "^2.2.5",
        "core-js": "^3.1.3"
      }
    },
    "node_modules/focusable-selectors": {
      "version": "0.3.1",
      "resolved": "https://registry.npmjs.org/focusable-selectors/-/focusable-selectors-0.3.1.tgz",
      "integrity": "sha512-5JLtr0e1YJIfmnVlpLiG+av07dd0Xkf/KfswsXcei5KmLfdwOysTQsjF058ynXniujb1fvev7nql1x+CkC5ikw=="
    },
    "node_modules/list.js": {
      "version": "2.3.1",
      "license": "MIT",
      "dependencies": {
        "string-natural-compare": "^2.0.2"
      },
      "engines": {
        "node": "^6.0 || ^8.0 || ^10.0 || ^12.0 || >=14"
      }
    },
    "node_modules/scroll-stash": {
      "version": "1.1.2",
      "license": "MIT"
    },
    "node_modules/string-natural-compare": {
      "version": "2.0.3",
      "license": "MIT"
    },
    "node_modules/svgxuse": {
      "version": "1.2.6",
      "license": "MIT"
    },
    "node_modules/vrembem": {
      "version": "3.0.5",
      "resolved": "https://registry.npmjs.org/vrembem/-/vrembem-3.0.5.tgz",
      "integrity": "sha512-d58pcEbWjgIpZ3gv70AoaIonR3i+6quykLhEJOQu837ZnDNJhh0ucgqKBk77mgrStmjcobBnXd+QmIjwtXAM+g==",
      "dependencies": {
        "@vrembem/base": "^3.0.5",
        "@vrembem/breadcrumb": "^3.0.5",
        "@vrembem/button": "^3.0.5",
        "@vrembem/button-group": "^3.0.5",
        "@vrembem/card": "^3.0.5",
        "@vrembem/checkbox": "^3.0.5",
        "@vrembem/core": "^3.0.5",
        "@vrembem/dialog": "^3.0.5",
        "@vrembem/drawer": "^3.0.5",
        "@vrembem/grid": "^3.0.5",
        "@vrembem/icon": "^3.0.5",
        "@vrembem/icon-action": "^3.0.5",
        "@vrembem/input": "^3.0.5",
        "@vrembem/level": "^3.0.5",
        "@vrembem/media": "^3.0.5",
        "@vrembem/menu": "^3.0.5",
        "@vrembem/modal": "^3.0.5",
        "@vrembem/notice": "^3.0.5",
        "@vrembem/popover": "^3.0.5",
        "@vrembem/radio": "^3.0.5",
        "@vrembem/section": "^3.0.5",
        "@vrembem/switch": "^3.0.5",
        "@vrembem/table": "^3.0.5",
        "@vrembem/utility": "^3.0.5"
      }
    },
    "node_modules/wicg-inert": {
      "version": "3.1.1"
    }
  },
  "dependencies": {
    "@popperjs/core": {
      "version": "2.11.5",
      "resolved": "https://registry.npmjs.org/@popperjs/core/-/core-2.11.5.tgz",
      "integrity": "sha512-9X2obfABZuDVLCgPK9aX0a/x4jaOEweTTWE2+9sr0Qqqevj2Uv5XorvusThmc9XGYpS9yI+fhh8RTafBtGposw=="
    },
    "@vrembem/base": {
      "version": "3.0.5",
      "resolved": "https://registry.npmjs.org/@vrembem/base/-/base-3.0.5.tgz",
      "integrity": "sha512-OriEVmU0tzt6f9Ax7Bf8t/GvUL/mT/iads9sNlfk2yh+kd8BZVVk6BmK//O+Nj67EjB551TjRasRBHJq5QhtIw==",
      "requires": {
        "@vrembem/core": "^3.0.5"
      }
    },
    "@vrembem/breadcrumb": {
      "version": "3.0.5",
      "resolved": "https://registry.npmjs.org/@vrembem/breadcrumb/-/breadcrumb-3.0.5.tgz",
      "integrity": "sha512-NrQD5Bif5PGD3B1bzLjrmY7NRF0zAHViGFQI5aIGO2OI2k+CCjFRwT12NvUuH95fLwHOrcS1qiuSEGhV06f03w==",
      "requires": {
        "@vrembem/base": "^3.0.5",
        "@vrembem/core": "^3.0.5"
      }
    },
    "@vrembem/button": {
      "version": "3.0.5",
      "resolved": "https://registry.npmjs.org/@vrembem/button/-/button-3.0.5.tgz",
      "integrity": "sha512-6rUAimSBM2aOc1wHjnR5msDvDo9XDW5toNLLPsWjEAv9Oc7dwBp1InUlVlorS6NZx4SO137lB6qJMVDFgoyHrA==",
      "requires": {
        "@vrembem/core": "^3.0.5"
      }
    },
    "@vrembem/button-group": {
      "version": "3.0.5",
      "resolved": "https://registry.npmjs.org/@vrembem/button-group/-/button-group-3.0.5.tgz",
      "integrity": "sha512-F2LHlB17fYAS1wQbMX7dJ9TT1gDGzia0wHrc8zOAdSRBt8acNd89d30PWr4wufeUdWbAN+A79NP/zotBDJ+y1Q==",
      "requires": {
        "@vrembem/core": "^3.0.5"
      }
    },
    "@vrembem/card": {
      "version": "3.0.5",
      "resolved": "https://registry.npmjs.org/@vrembem/card/-/card-3.0.5.tgz",
      "integrity": "sha512-Nix2jvE2V/7ejw8gth16DTTfN/bnyAvw19+MgGcMuBZZbumd//6kPgHNoUCI9ME+7+KfTJiNmEaZmQoQ8VU4AA==",
      "requires": {
        "@vrembem/core": "^3.0.5"
      }
    },
    "@vrembem/checkbox": {
      "version": "3.0.5",
      "resolved": "https://registry.npmjs.org/@vrembem/checkbox/-/checkbox-3.0.5.tgz",
      "integrity": "sha512-qobXcAZpjhOqJ9uN1isKH6F7BCXDbioDuLsbnV/uuCproP4BMU0Js/L7JDMdAx6MKPUsHsOBn9q4s+1XhksNbQ==",
      "requires": {
        "@vrembem/core": "^3.0.5"
      }
    },
    "@vrembem/core": {
      "version": "3.0.5",
      "resolved": "https://registry.npmjs.org/@vrembem/core/-/core-3.0.5.tgz",
      "integrity": "sha512-g6DTQMbANYrGmzrP+ftxekmImIGVx9lJr2G+HbPU5dCkmHblEr0BwsfpyrJddHa7Wg/yUtpN7Np6DhquQkTQsA==",
      "requires": {
        "focusable-selectors": "^0.3.1"
      }
    },
    "@vrembem/dialog": {
      "version": "3.0.5",
      "resolved": "https://registry.npmjs.org/@vrembem/dialog/-/dialog-3.0.5.tgz",
      "integrity": "sha512-yCkmM1yoj0ftKbPz3IQ1p9KwV3/mP/CcDVyjfNW5ew6BmXi1NpazYv+lVZ5Kx0hvrdeZLxPa1evC+Pssyc/TNw==",
      "requires": {
        "@vrembem/core": "^3.0.5"
      }
    },
    "@vrembem/drawer": {
      "version": "3.0.5",
      "resolved": "https://registry.npmjs.org/@vrembem/drawer/-/drawer-3.0.5.tgz",
      "integrity": "sha512-JqUMOjBL+XSsDmEVJZ1SFfLn+RW3l5FDOe6Bh4YW3dPiVZfh3+0NndYmPE/wxEMsS5sqA1JCJjS6wfxPlgHS3g==",
      "requires": {
        "@vrembem/core": "^3.0.5"
      }
    },
    "@vrembem/grid": {
      "version": "3.0.5",
      "resolved": "https://registry.npmjs.org/@vrembem/grid/-/grid-3.0.5.tgz",
      "integrity": "sha512-AtEvN5waMpNo17b7OSXHRit4sjo/NN6K0tcoDJoIfYg3hsYDjcznhB/bX955pYFOoMYq0AeE8acj/NVb57Kkdw==",
      "requires": {
        "@vrembem/core": "^3.0.5"
      }
    },
    "@vrembem/icon": {
      "version": "3.0.5",
      "resolved": "https://registry.npmjs.org/@vrembem/icon/-/icon-3.0.5.tgz",
      "integrity": "sha512-jAT9IWXNfpHEoSLnLA54Sii1Xa2rrDoaPILoly+aXyVyGNKakQzqSI9psxWfJiEbhxbngwOp4zb5KcY4hSZLsg==",
      "requires": {
        "@vrembem/core": "^3.0.5"
      }
    },
    "@vrembem/icon-action": {
      "version": "3.0.5",
      "resolved": "https://registry.npmjs.org/@vrembem/icon-action/-/icon-action-3.0.5.tgz",
      "integrity": "sha512-Yv6//MjxRb51O7jgXGc/Hu2+9xfNqU9TduTwONrr85aR4K1DfMg3iZ3UnONSmsSswywWApEY9/ocAiBaG2KNlQ==",
      "requires": {
        "@vrembem/core": "^3.0.5"
      }
    },
    "@vrembem/input": {
      "version": "3.0.5",
      "resolved": "https://registry.npmjs.org/@vrembem/input/-/input-3.0.5.tgz",
      "integrity": "sha512-PzISQRb3ZHMZ1LdOIQNjILEvqzXizuFCzzIV0sdCLRA5SmAWHoKsBYo42MNI76WxkK34MsbWVn9Y/rtaF+jj/w==",
      "requires": {
        "@vrembem/core": "^3.0.5"
      }
    },
    "@vrembem/level": {
      "version": "3.0.5",
      "resolved": "https://registry.npmjs.org/@vrembem/level/-/level-3.0.5.tgz",
      "integrity": "sha512-I/t/ZtCHbz7X6R2RTsCVn6ifXQ3ousTHw673tAPPOhM4Amew19AHrzsb9mQXBLzH6JA8NGfEr2CHPCmFrZKnmQ==",
      "requires": {
        "@vrembem/core": "^3.0.5"
      }
    },
    "@vrembem/media": {
      "version": "3.0.5",
      "resolved": "https://registry.npmjs.org/@vrembem/media/-/media-3.0.5.tgz",
      "integrity": "sha512-mKqI6BnUk5zETKxGSg+RrkW5obEX+5EStZBPOZ3XEyZtpjEISdeZZxFzUQ6qOD8nEEfYn0+QWRXXOp+K40eeHQ==",
      "requires": {
        "@vrembem/core": "^3.0.5"
      }
    },
    "@vrembem/menu": {
      "version": "3.0.5",
      "resolved": "https://registry.npmjs.org/@vrembem/menu/-/menu-3.0.5.tgz",
      "integrity": "sha512-0Fjfo0U+rgzmt8ZZOzXVObIudy/0TBiushcBibLUuNuUrpEW17VTgiW1369t95QxD1P96HLV+JXMCus7dFvH9w==",
      "requires": {
        "@vrembem/core": "^3.0.5"
      }
    },
    "@vrembem/modal": {
      "version": "3.0.5",
      "resolved": "https://registry.npmjs.org/@vrembem/modal/-/modal-3.0.5.tgz",
      "integrity": "sha512-TfWFF+t7Mrck1vcqJeuaXvnHTgObRAHCFdsbYOvfxx0vJmDcWXD/WaTLykg58W5IW66GuLD6ChI8n+Qhjp1nuA==",
      "requires": {
        "@vrembem/core": "^3.0.5"
      }
    },
    "@vrembem/notice": {
      "version": "3.0.5",
      "resolved": "https://registry.npmjs.org/@vrembem/notice/-/notice-3.0.5.tgz",
      "integrity": "sha512-PhyHu/xIfupag90ohWEQBl52dxcqmJC4WnTsf21Ott/jsrpJbC8lp8IA8kWtsTDxFuLIyVbNZDvtgBW1wL3wlQ==",
      "requires": {
        "@vrembem/core": "^3.0.5"
      }
    },
    "@vrembem/popover": {
      "version": "3.0.5",
      "resolved": "https://registry.npmjs.org/@vrembem/popover/-/popover-3.0.5.tgz",
      "integrity": "sha512-KsHfHVsd+npqAvNi7yQP7H2pgfZdgQH6OoEb6xRqaMvbNBmIkK6Pz5+7cjkbR0nlKJFyM1cJypBj2KtGr6bq+g==",
      "requires": {
        "@popperjs/core": "^2.11.4",
        "@vrembem/core": "^3.0.5"
      }
    },
    "@vrembem/radio": {
      "version": "3.0.5",
      "resolved": "https://registry.npmjs.org/@vrembem/radio/-/radio-3.0.5.tgz",
      "integrity": "sha512-DF0+k1V+K0oWXSqb4A4NEUgO7whFeOaHrDf1xBX2uWWz9Ju2KF++JD0E5a/6GPooPvRr2eU8SlCFx9/Ioi/XtA==",
      "requires": {
        "@vrembem/core": "^3.0.5"
      }
    },
    "@vrembem/section": {
      "version": "3.0.5",
      "resolved": "https://registry.npmjs.org/@vrembem/section/-/section-3.0.5.tgz",
      "integrity": "sha512-1sUNh+UZEIlxNO412gf8Weluj0gl3jAmxitAgOImPNRsJrySjpG4GbzOLqz+1R3VZdWI8dFlX6dWFve9Xkb17Q==",
      "requires": {
        "@vrembem/core": "^3.0.5"
      }
    },
    "@vrembem/switch": {
      "version": "3.0.5",
      "resolved": "https://registry.npmjs.org/@vrembem/switch/-/switch-3.0.5.tgz",
      "integrity": "sha512-/EGeOvviKomYOwtxsjZZf5nYYZbM2lI8Z2DlvkXgkPSFQgQ0si7zqnmMdPGo5Ycn++afnkrJ4ZWbFCO9O3liRA==",
      "requires": {
        "@vrembem/core": "^3.0.5"
      }
    },
    "@vrembem/table": {
      "version": "3.0.5",
      "resolved": "https://registry.npmjs.org/@vrembem/table/-/table-3.0.5.tgz",
      "integrity": "sha512-vdkTZYn6mgS+aNE0KiVlhrs+SDrSwVtzwgouRqT5uqwPtoVvTonPbbuyt+eIFOkx43HGjcD4vJXvUdpcMoi6og==",
      "requires": {
        "@vrembem/core": "^3.0.5"
      }
    },
    "@vrembem/utility": {
      "version": "3.0.5",
      "resolved": "https://registry.npmjs.org/@vrembem/utility/-/utility-3.0.5.tgz",
      "integrity": "sha512-ZMqDNk9zGLttLh/9VvtKPp/P8ynB8zhbepq2aCdyVsKlJvjVFQDtpr+qMaB3BYN2ooXgDe7M5UiEbLVOoGTEcQ==",
      "requires": {
        "@vrembem/core": "^3.0.5"
      }
    },
    "classnames": {
      "version": "2.2.6"
    },
    "core-js": {
      "version": "3.6.5"
    },
    "feather-icons": {
      "version": "4.29.0",
      "resolved": "https://registry.npmjs.org/feather-icons/-/feather-icons-4.29.0.tgz",
      "integrity": "sha512-Y7VqN9FYb8KdaSF0qD1081HCkm0v4Eq/fpfQYQnubpqi0hXx14k+gF9iqtRys1SIcTEi97xDi/fmsPFZ8xo0GQ==",
      "requires": {
        "classnames": "^2.2.5",
        "core-js": "^3.1.3"
      }
    },
    "focusable-selectors": {
      "version": "0.3.1",
      "resolved": "https://registry.npmjs.org/focusable-selectors/-/focusable-selectors-0.3.1.tgz",
      "integrity": "sha512-5JLtr0e1YJIfmnVlpLiG+av07dd0Xkf/KfswsXcei5KmLfdwOysTQsjF058ynXniujb1fvev7nql1x+CkC5ikw=="
    },
    "list.js": {
      "version": "2.3.1",
      "requires": {
        "string-natural-compare": "^2.0.2"
      }
    },
    "scroll-stash": {
      "version": "1.1.2"
    },
    "string-natural-compare": {
      "version": "2.0.3"
    },
    "svgxuse": {
      "version": "1.2.6"
    },
    "vrembem": {
      "version": "3.0.5",
      "resolved": "https://registry.npmjs.org/vrembem/-/vrembem-3.0.5.tgz",
      "integrity": "sha512-d58pcEbWjgIpZ3gv70AoaIonR3i+6quykLhEJOQu837ZnDNJhh0ucgqKBk77mgrStmjcobBnXd+QmIjwtXAM+g==",
      "requires": {
        "@vrembem/base": "^3.0.5",
        "@vrembem/breadcrumb": "^3.0.5",
        "@vrembem/button": "^3.0.5",
        "@vrembem/button-group": "^3.0.5",
        "@vrembem/card": "^3.0.5",
        "@vrembem/checkbox": "^3.0.5",
        "@vrembem/core": "^3.0.5",
        "@vrembem/dialog": "^3.0.5",
        "@vrembem/drawer": "^3.0.5",
        "@vrembem/grid": "^3.0.5",
        "@vrembem/icon": "^3.0.5",
        "@vrembem/icon-action": "^3.0.5",
        "@vrembem/input": "^3.0.5",
        "@vrembem/level": "^3.0.5",
        "@vrembem/media": "^3.0.5",
        "@vrembem/menu": "^3.0.5",
        "@vrembem/modal": "^3.0.5",
        "@vrembem/notice": "^3.0.5",
        "@vrembem/popover": "^3.0.5",
        "@vrembem/radio": "^3.0.5",
        "@vrembem/section": "^3.0.5",
        "@vrembem/switch": "^3.0.5",
        "@vrembem/table": "^3.0.5",
        "@vrembem/utility": "^3.0.5"
      }
    },
    "wicg-inert": {
      "version": "3.1.1"
    }
  }
}
