{
  "name": "docs",
  "version": "3.0.0",
  "lockfileVersion": 2,
  "requires": true,
  "packages": {
    "": {
      "name": "docs",
      "version": "2.0.0",
      "dependencies": {
        "feather-icons": "^4.29.0",
        "list.js": "^2.3.1",
        "scroll-stash": "^1.1.2",
        "svgxuse": "^1.2.6",
        "vrembem": "^2.0.0",
        "wicg-inert": "^3.1.1"
      }
    },
    "../packages/base": {
      "name": "@vrembem/base",
      "version": "1.37.0",
      "extraneous": true,
      "license": "MIT",
      "dependencies": {
        "@vrembem/core": "^1.37.0"
      }
    },
    "../packages/breadcrumb": {
      "name": "@vrembem/breadcrumb",
      "version": "1.37.0",
      "extraneous": true,
      "license": "MIT",
      "dependencies": {
        "@vrembem/base": "^1.37.0",
        "@vrembem/core": "^1.37.0"
      }
    },
    "../packages/button": {
      "name": "@vrembem/button",
      "version": "1.37.0",
      "extraneous": true,
      "license": "MIT",
      "dependencies": {
        "@vrembem/core": "^1.37.0"
      }
    },
    "../packages/button-group": {
      "name": "@vrembem/button-group",
      "version": "1.37.0",
      "extraneous": true,
      "license": "MIT",
      "dependencies": {
        "@vrembem/core": "^1.37.0"
      }
    },
    "../packages/card": {
      "name": "@vrembem/card",
      "version": "1.37.0",
      "extraneous": true,
      "license": "MIT",
      "dependencies": {
        "@vrembem/core": "^1.37.0"
      }
    },
    "../packages/checkbox": {
      "name": "@vrembem/checkbox",
      "version": "1.37.0",
      "extraneous": true,
      "license": "MIT",
      "dependencies": {
        "@vrembem/core": "^1.37.0"
      }
    },
    "../packages/core": {
      "name": "@vrembem/core",
      "version": "1.37.0",
      "extraneous": true,
      "license": "MIT",
      "dependencies": {
        "focusable-selectors": "^0.3.1"
      }
    },
    "../packages/dialog": {
      "name": "@vrembem/dialog",
      "version": "1.37.0",
      "extraneous": true,
      "license": "MIT",
      "dependencies": {
        "@vrembem/core": "^1.37.0"
      }
    },
    "../packages/drawer": {
      "name": "@vrembem/drawer",
      "version": "1.37.0",
      "extraneous": true,
      "license": "MIT",
      "dependencies": {
        "@vrembem/core": "^1.37.0"
      }
    },
    "../packages/grid": {
      "name": "@vrembem/grid",
      "version": "1.37.0",
      "extraneous": true,
      "license": "MIT",
      "dependencies": {
        "@vrembem/core": "^1.37.0"
      }
    },
    "../packages/icon": {
      "name": "@vrembem/icon",
      "version": "1.37.0",
      "extraneous": true,
      "license": "MIT",
      "dependencies": {
        "@vrembem/core": "^1.37.0"
      }
    },
    "../packages/icon-action": {
      "name": "@vrembem/icon-action",
      "version": "1.37.0",
      "extraneous": true,
      "license": "MIT",
      "dependencies": {
        "@vrembem/core": "^1.37.0"
      }
    },
    "../packages/input": {
      "name": "@vrembem/input",
      "version": "1.37.0",
      "extraneous": true,
      "license": "MIT",
      "dependencies": {
        "@vrembem/core": "^1.37.0"
      }
    },
    "../packages/level": {
      "name": "@vrembem/level",
      "version": "1.37.0",
      "extraneous": true,
      "license": "MIT",
      "dependencies": {
        "@vrembem/core": "^1.37.0"
      }
    },
    "../packages/media": {
      "name": "@vrembem/media",
      "version": "1.37.0",
      "extraneous": true,
      "license": "MIT",
      "dependencies": {
        "@vrembem/core": "^1.37.0"
      }
    },
    "../packages/menu": {
      "name": "@vrembem/menu",
      "version": "1.37.0",
      "extraneous": true,
      "license": "MIT",
      "dependencies": {
        "@vrembem/core": "^1.37.0"
      }
    },
    "../packages/modal": {
      "name": "@vrembem/modal",
      "version": "1.37.0",
      "extraneous": true,
      "license": "MIT",
      "dependencies": {
        "@vrembem/core": "^1.37.0"
      }
    },
    "../packages/notice": {
      "name": "@vrembem/notice",
      "version": "1.37.0",
      "extraneous": true,
      "license": "MIT",
      "dependencies": {
        "@vrembem/core": "^1.37.0"
      }
    },
    "../packages/popover": {
      "name": "@vrembem/popover",
      "version": "1.37.0",
      "extraneous": true,
      "license": "MIT",
      "dependencies": {
        "@popperjs/core": "^2.11.2"
      }
    },
    "../packages/radio": {
      "name": "@vrembem/radio",
      "version": "1.37.0",
      "extraneous": true,
      "license": "MIT",
      "dependencies": {
        "@vrembem/core": "^1.37.0"
      }
    },
    "../packages/section": {
      "name": "@vrembem/section",
      "version": "1.37.0",
      "extraneous": true,
      "license": "MIT",
      "dependencies": {
        "@vrembem/core": "^1.37.0"
      }
    },
    "../packages/switch": {
      "name": "@vrembem/switch",
      "version": "1.37.0",
      "extraneous": true,
      "license": "MIT",
      "dependencies": {
        "@vrembem/core": "^1.37.0"
      }
    },
    "../packages/table": {
      "name": "@vrembem/table",
      "version": "1.37.0",
      "extraneous": true,
      "license": "MIT",
      "dependencies": {
        "@vrembem/core": "^1.37.0"
      }
    },
    "../packages/tooltip": {
      "name": "@vrembem/tooltip",
      "version": "1.37.0",
      "extraneous": true,
      "license": "MIT",
      "dependencies": {
        "@vrembem/core": "^1.37.0"
      }
    },
    "../packages/utility": {
      "name": "@vrembem/utility",
      "version": "1.37.0",
      "extraneous": true,
      "license": "MIT",
      "dependencies": {
        "@vrembem/core": "^1.37.0"
      }
    },
    "../packages/vrembem": {
      "version": "1.37.0",
      "extraneous": true,
      "license": "MIT",
      "dependencies": {
        "@vrembem/base": "^1.37.0",
        "@vrembem/breadcrumb": "^1.37.0",
        "@vrembem/button": "^1.37.0",
        "@vrembem/button-group": "^1.37.0",
        "@vrembem/card": "^1.37.0",
        "@vrembem/checkbox": "^1.37.0",
        "@vrembem/core": "^1.37.0",
        "@vrembem/dialog": "^1.37.0",
        "@vrembem/drawer": "^1.37.0",
        "@vrembem/grid": "^1.37.0",
        "@vrembem/icon": "^1.37.0",
        "@vrembem/icon-action": "^1.37.0",
        "@vrembem/input": "^1.37.0",
        "@vrembem/level": "^1.37.0",
        "@vrembem/media": "^1.37.0",
        "@vrembem/menu": "^1.37.0",
        "@vrembem/modal": "^1.37.0",
        "@vrembem/notice": "^1.37.0",
        "@vrembem/popover": "^1.37.0",
        "@vrembem/radio": "^1.37.0",
        "@vrembem/section": "^1.37.0",
        "@vrembem/switch": "^1.37.0",
        "@vrembem/table": "^1.37.0",
        "@vrembem/tooltip": "^1.37.0",
        "@vrembem/utility": "^1.37.0"
      }
    },
    "node_modules/@popperjs/core": {
      "version": "2.11.5",
      "resolved": "https://registry.npmjs.org/@popperjs/core/-/core-2.11.5.tgz",
      "integrity": "sha512-9X2obfABZuDVLCgPK9aX0a/x4jaOEweTTWE2+9sr0Qqqevj2Uv5XorvusThmc9XGYpS9yI+fhh8RTafBtGposw==",
      "funding": {
        "type": "opencollective",
        "url": "https://opencollective.com/popperjs"
      }
    },
    "node_modules/@vrembem/base": {
      "version": "2.0.0",
      "resolved": "https://registry.npmjs.org/@vrembem/base/-/base-2.0.0.tgz",
      "integrity": "sha512-WD4JEl3DPXCzGMoV0xuJ7C5mgPvjNu3dN6jJ3VERSX+hNxtuEB/2U3axbzcs2IRnnSOUiYaHQqrNIQgeSvjUmQ==",
      "dependencies": {
        "@vrembem/core": "^2.0.0"
      }
    },
    "node_modules/@vrembem/breadcrumb": {
      "version": "2.0.0",
      "resolved": "https://registry.npmjs.org/@vrembem/breadcrumb/-/breadcrumb-2.0.0.tgz",
      "integrity": "sha512-EHqPLSYeZb0O4SbmWUJT4NZEt6ELlR0GGltvVcRTv/U5lfkZV1u/v+AsDnb1TAZwHVUtC8RNYr7j5N49HKoonA==",
      "dependencies": {
        "@vrembem/base": "^2.0.0",
        "@vrembem/core": "^2.0.0"
      }
    },
    "node_modules/@vrembem/button": {
      "version": "2.0.0",
      "resolved": "https://registry.npmjs.org/@vrembem/button/-/button-2.0.0.tgz",
      "integrity": "sha512-FQqm1US0PPHmzFTIwDQDV0LxPlHrz1TCKWSrir6/AKYMbHubCmQtVAKDAY5UowyAuVXIk6EtaJA0c/2G1X7/kA==",
      "dependencies": {
        "@vrembem/core": "^2.0.0"
      }
    },
    "node_modules/@vrembem/button-group": {
      "version": "2.0.0",
      "resolved": "https://registry.npmjs.org/@vrembem/button-group/-/button-group-2.0.0.tgz",
      "integrity": "sha512-HPdI/9ffhduet8WaIWGG2qYpU4Ev5uN4mA9B8VdU/+zqs/M527+QGiWwIY0SMURCogcbbDWkp0EZw9Aw/oIKNA==",
      "dependencies": {
        "@vrembem/core": "^2.0.0"
      }
    },
    "node_modules/@vrembem/card": {
      "version": "2.0.0",
      "resolved": "https://registry.npmjs.org/@vrembem/card/-/card-2.0.0.tgz",
      "integrity": "sha512-uRVRsCB1t7YZWWtEXCi/k4QJQx7lFkENKaIp7nmnLjLBnFPVAAFO95CU6bU8Q5a1bxGZUZttOv0hYNyW6Ni9IA==",
      "dependencies": {
        "@vrembem/core": "^2.0.0"
      }
    },
    "node_modules/@vrembem/checkbox": {
      "version": "2.0.0",
      "resolved": "https://registry.npmjs.org/@vrembem/checkbox/-/checkbox-2.0.0.tgz",
      "integrity": "sha512-B/cSB5vDcbFjSS2Rz3kNB5G3XZw9nKVnfEGudWaapSBS0aQ2Nc9Dh3vOeQKVqHKK+oMQqTpnQ0mMhlhKLDqpwA==",
      "dependencies": {
        "@vrembem/core": "^2.0.0"
      }
    },
    "node_modules/@vrembem/core": {
      "version": "2.0.0",
      "resolved": "https://registry.npmjs.org/@vrembem/core/-/core-2.0.0.tgz",
      "integrity": "sha512-ItYp4a5yCqunc+n07mn1m4M82K3Vr9Rhh7Im/bSgUDVWP8t/Y4DvwQh34qoofnW2As8jRODGdwSnkW2nsfL6xQ==",
      "dependencies": {
        "focusable-selectors": "^0.3.1"
      }
    },
    "node_modules/@vrembem/dialog": {
      "version": "2.0.0",
      "resolved": "https://registry.npmjs.org/@vrembem/dialog/-/dialog-2.0.0.tgz",
      "integrity": "sha512-qWBBRFtGUhgbZl93Q8tCPFTqc/b+sQz5G8MRaOkQNOV6w+FX4SO/XJ2RK0b81IPSBkj8Fz6dLCz0Vai4fk7Ofg==",
      "dependencies": {
        "@vrembem/core": "^2.0.0"
      }
    },
    "node_modules/@vrembem/drawer": {
      "version": "2.0.0",
      "resolved": "https://registry.npmjs.org/@vrembem/drawer/-/drawer-2.0.0.tgz",
      "integrity": "sha512-kJtRK6wcNgwlamqYkvHkM3s9vBbqxpZyI7Zc2S343Y2BOpQOkPZZfeR0QP8OQ3S1q7eu8Hh9ZxoRP1oAfk9Phg==",
      "dependencies": {
        "@vrembem/core": "^2.0.0"
      }
    },
    "node_modules/@vrembem/grid": {
      "version": "2.0.0",
      "resolved": "https://registry.npmjs.org/@vrembem/grid/-/grid-2.0.0.tgz",
      "integrity": "sha512-PcFLXlMFfnkDeWAuihtLMdGR3owmhZAGm/P9rxbNJ+tg+cOlh5SXrg+oVf9OZf7m11NC2Xj3wNyYJD62ygmNvA==",
      "dependencies": {
        "@vrembem/core": "^2.0.0"
      }
    },
    "node_modules/@vrembem/icon": {
      "version": "2.0.0",
      "resolved": "https://registry.npmjs.org/@vrembem/icon/-/icon-2.0.0.tgz",
      "integrity": "sha512-A9IDB+MEWca7lfh/+YSHzaK1TcpzcmM7QFkhiglTkPI675gj9AZgXlaLvUXuuKVmKdZZxsxAOM36ifCm4Q1TWQ==",
      "dependencies": {
        "@vrembem/core": "^2.0.0"
      }
    },
    "node_modules/@vrembem/icon-action": {
      "version": "2.0.0",
      "resolved": "https://registry.npmjs.org/@vrembem/icon-action/-/icon-action-2.0.0.tgz",
      "integrity": "sha512-89VkmnOtrArvw9aNSgAUywr7tRRkp3MvixAMUWSj05ijt7w/tVmMMAOU42/J8hs2/TetAp0+Mhs1d9kdJ9ZMRA==",
      "dependencies": {
        "@vrembem/core": "^2.0.0"
      }
    },
    "node_modules/@vrembem/input": {
      "version": "2.0.0",
      "resolved": "https://registry.npmjs.org/@vrembem/input/-/input-2.0.0.tgz",
      "integrity": "sha512-BUospNUS4kEcT5GA2oJEJ1dkZePRoR7BgTusLhpGBPDvz73D42LpIVCaIVnbeUKpLwGdNz9Ied4tCHVtzBxNmA==",
      "dependencies": {
        "@vrembem/core": "^2.0.0"
      }
    },
    "node_modules/@vrembem/level": {
      "version": "2.0.0",
      "resolved": "https://registry.npmjs.org/@vrembem/level/-/level-2.0.0.tgz",
      "integrity": "sha512-XnCJ/wiy77FVYVzADOgFgP+UFIwJ4zD2CQXb0OH4DZ8PGk8UilO7WkeKLrlhWxkQLxVbtLnqqMxp8XMKT/ywMg==",
      "dependencies": {
        "@vrembem/core": "^2.0.0"
      }
    },
    "node_modules/@vrembem/media": {
      "version": "2.0.0",
      "resolved": "https://registry.npmjs.org/@vrembem/media/-/media-2.0.0.tgz",
      "integrity": "sha512-uyRdPDU+bM8DJZNco0bZKvqh+oMklq982zj+9uG6dqpwtV3/Yw+H5X3UjKbdcxY9bDHPcFbosEyA59qmPQ5JUg==",
      "dependencies": {
        "@vrembem/core": "^2.0.0"
      }
    },
    "node_modules/@vrembem/menu": {
      "version": "2.0.0",
      "resolved": "https://registry.npmjs.org/@vrembem/menu/-/menu-2.0.0.tgz",
      "integrity": "sha512-knl4GjS9twolJ3aLPEqPHjD0/WpolA2rvtdd8IhMh9MfduwIDXbAQDNgcloJTLnTF6oF/DtQroa4iMpbk/EUFw==",
      "dependencies": {
        "@vrembem/core": "^2.0.0"
      }
    },
    "node_modules/@vrembem/modal": {
      "version": "2.0.0",
      "resolved": "https://registry.npmjs.org/@vrembem/modal/-/modal-2.0.0.tgz",
      "integrity": "sha512-rMGVMGXACzWbH8HiM3ZGHazJ3M38pdEd3iuuAVlqwsVr0nzTD6/JA2R1DAj1z34dgyF75ATqCLoXin5uK6wsBA==",
      "dependencies": {
        "@vrembem/core": "^2.0.0"
      }
    },
    "node_modules/@vrembem/notice": {
      "version": "2.0.0",
      "resolved": "https://registry.npmjs.org/@vrembem/notice/-/notice-2.0.0.tgz",
      "integrity": "sha512-p1xezUCmBy5ETJ2HWOZ4psLrgyCPtbuxEdoOVGNf0iGYu9Tbkstkm+mu1YeJEyhe0GOJefU0osUVWmPGzYdV+Q==",
      "dependencies": {
        "@vrembem/core": "^2.0.0"
      }
    },
    "node_modules/@vrembem/popover": {
      "version": "2.0.0",
      "resolved": "https://registry.npmjs.org/@vrembem/popover/-/popover-2.0.0.tgz",
      "integrity": "sha512-al6umw1/DKdCucdC9z2t+DFSf3/eCIYs7HxjcPbkm6k3NdbqhcxSJxZoyAxxqg3E4rktUbSbztL48dXkHrPm7w==",
      "dependencies": {
        "@popperjs/core": "^2.11.4",
        "@vrembem/core": "^2.0.0"
      }
    },
    "node_modules/@vrembem/radio": {
      "version": "2.0.0",
      "resolved": "https://registry.npmjs.org/@vrembem/radio/-/radio-2.0.0.tgz",
      "integrity": "sha512-B6RoV+QaY5YwORN15vtQf/Y41h4KwPnLkzgIGl+6WvnnyibDZ+LRooOmOXZ5szJ9By0FOGqf/tLAroW4Ccol7g==",
      "dependencies": {
        "@vrembem/core": "^2.0.0"
      }
    },
    "node_modules/@vrembem/section": {
      "version": "2.0.0",
      "resolved": "https://registry.npmjs.org/@vrembem/section/-/section-2.0.0.tgz",
      "integrity": "sha512-UtGWShV3XrLwAs8C+mTSkSRbyfWQ7cWqDnSuM+oONil6lmPcfUEsBwUl4CHXNQf9Grc4iMvxvCrKAKbSLe+7Iw==",
      "dependencies": {
        "@vrembem/core": "^2.0.0"
      }
    },
    "node_modules/@vrembem/switch": {
      "version": "2.0.0",
      "resolved": "https://registry.npmjs.org/@vrembem/switch/-/switch-2.0.0.tgz",
      "integrity": "sha512-eE/iXmAN9SQLe8R1JhGJznavOqk/RUh79KFr8+kZVEg84nwaWid8eqvFTBRqfOpzHi1C+bOhLkmF6J4WHvqvYw==",
      "dependencies": {
        "@vrembem/core": "^2.0.0"
      }
    },
    "node_modules/@vrembem/table": {
      "version": "2.0.0",
      "resolved": "https://registry.npmjs.org/@vrembem/table/-/table-2.0.0.tgz",
      "integrity": "sha512-oEjx03pCNZalu+4wJG0BSEt/pe7ezYQiXTIVZ7tsdGvVMlSw24/Yw4Phqy4YsjWjjYxBTnaANL0m+99/OsWqzA==",
      "dependencies": {
        "@vrembem/core": "^2.0.0"
      }
    },
    "node_modules/@vrembem/utility": {
      "version": "2.0.0",
      "resolved": "https://registry.npmjs.org/@vrembem/utility/-/utility-2.0.0.tgz",
      "integrity": "sha512-KwPLvsX5FVPAY0ZXnJxGaFww31oVBwCajDAT2Jf1J5kD6cCY27zaBFCebV63eUpK7uAPDE3ydmxNc/5lqva7Mw==",
      "dependencies": {
        "@vrembem/core": "^2.0.0"
      }
    },
    "node_modules/classnames": {
      "version": "2.2.6",
      "license": "MIT"
    },
    "node_modules/core-js": {
      "version": "3.6.5",
      "hasInstallScript": true,
      "license": "MIT",
      "funding": {
        "type": "opencollective",
        "url": "https://opencollective.com/core-js"
      }
    },
    "node_modules/feather-icons": {
      "version": "4.29.0",
      "resolved": "https://registry.npmjs.org/feather-icons/-/feather-icons-4.29.0.tgz",
      "integrity": "sha512-Y7VqN9FYb8KdaSF0qD1081HCkm0v4Eq/fpfQYQnubpqi0hXx14k+gF9iqtRys1SIcTEi97xDi/fmsPFZ8xo0GQ==",
      "dependencies": {
        "classnames": "^2.2.5",
        "core-js": "^3.1.3"
      }
    },
    "node_modules/focusable-selectors": {
      "version": "0.3.1",
      "resolved": "https://registry.npmjs.org/focusable-selectors/-/focusable-selectors-0.3.1.tgz",
      "integrity": "sha512-5JLtr0e1YJIfmnVlpLiG+av07dd0Xkf/KfswsXcei5KmLfdwOysTQsjF058ynXniujb1fvev7nql1x+CkC5ikw=="
    },
    "node_modules/list.js": {
      "version": "2.3.1",
      "license": "MIT",
      "dependencies": {
        "string-natural-compare": "^2.0.2"
      },
      "engines": {
        "node": "^6.0 || ^8.0 || ^10.0 || ^12.0 || >=14"
      }
    },
    "node_modules/scroll-stash": {
      "version": "1.1.2",
      "license": "MIT"
    },
    "node_modules/string-natural-compare": {
      "version": "2.0.3",
      "license": "MIT"
    },
    "node_modules/svgxuse": {
      "version": "1.2.6",
      "license": "MIT"
    },
    "node_modules/vrembem": {
      "version": "2.0.0",
      "resolved": "https://registry.npmjs.org/vrembem/-/vrembem-2.0.0.tgz",
      "integrity": "sha512-kfwC/w8DnDyNHT5rbFl+aJm9dPpJp4plEzWtiCNvtElOGehnjHakEovLnqA3nriym+vrY+P4nAJfSCM70kWTlw==",
      "dependencies": {
        "@vrembem/base": "^2.0.0",
        "@vrembem/breadcrumb": "^2.0.0",
        "@vrembem/button": "^2.0.0",
        "@vrembem/button-group": "^2.0.0",
        "@vrembem/card": "^2.0.0",
        "@vrembem/checkbox": "^2.0.0",
        "@vrembem/core": "^2.0.0",
        "@vrembem/dialog": "^2.0.0",
        "@vrembem/drawer": "^2.0.0",
        "@vrembem/grid": "^2.0.0",
        "@vrembem/icon": "^2.0.0",
        "@vrembem/icon-action": "^2.0.0",
        "@vrembem/input": "^2.0.0",
        "@vrembem/level": "^2.0.0",
        "@vrembem/media": "^2.0.0",
        "@vrembem/menu": "^2.0.0",
        "@vrembem/modal": "^2.0.0",
        "@vrembem/notice": "^2.0.0",
        "@vrembem/popover": "^2.0.0",
        "@vrembem/radio": "^2.0.0",
        "@vrembem/section": "^2.0.0",
        "@vrembem/switch": "^2.0.0",
        "@vrembem/table": "^2.0.0",
        "@vrembem/utility": "^2.0.0"
      }
    },
    "node_modules/wicg-inert": {
      "version": "3.1.1"
    }
  },
  "dependencies": {
    "@popperjs/core": {
      "version": "2.11.5",
      "resolved": "https://registry.npmjs.org/@popperjs/core/-/core-2.11.5.tgz",
      "integrity": "sha512-9X2obfABZuDVLCgPK9aX0a/x4jaOEweTTWE2+9sr0Qqqevj2Uv5XorvusThmc9XGYpS9yI+fhh8RTafBtGposw=="
    },
    "@vrembem/base": {
      "version": "2.0.0",
      "resolved": "https://registry.npmjs.org/@vrembem/base/-/base-2.0.0.tgz",
      "integrity": "sha512-WD4JEl3DPXCzGMoV0xuJ7C5mgPvjNu3dN6jJ3VERSX+hNxtuEB/2U3axbzcs2IRnnSOUiYaHQqrNIQgeSvjUmQ==",
      "requires": {
        "@vrembem/core": "^2.0.0"
      }
    },
    "@vrembem/breadcrumb": {
      "version": "2.0.0",
      "resolved": "https://registry.npmjs.org/@vrembem/breadcrumb/-/breadcrumb-2.0.0.tgz",
      "integrity": "sha512-EHqPLSYeZb0O4SbmWUJT4NZEt6ELlR0GGltvVcRTv/U5lfkZV1u/v+AsDnb1TAZwHVUtC8RNYr7j5N49HKoonA==",
      "requires": {
        "@vrembem/base": "^2.0.0",
        "@vrembem/core": "^2.0.0"
      }
    },
    "@vrembem/button": {
      "version": "2.0.0",
      "resolved": "https://registry.npmjs.org/@vrembem/button/-/button-2.0.0.tgz",
      "integrity": "sha512-FQqm1US0PPHmzFTIwDQDV0LxPlHrz1TCKWSrir6/AKYMbHubCmQtVAKDAY5UowyAuVXIk6EtaJA0c/2G1X7/kA==",
      "requires": {
        "@vrembem/core": "^2.0.0"
      }
    },
    "@vrembem/button-group": {
      "version": "2.0.0",
      "resolved": "https://registry.npmjs.org/@vrembem/button-group/-/button-group-2.0.0.tgz",
      "integrity": "sha512-HPdI/9ffhduet8WaIWGG2qYpU4Ev5uN4mA9B8VdU/+zqs/M527+QGiWwIY0SMURCogcbbDWkp0EZw9Aw/oIKNA==",
      "requires": {
        "@vrembem/core": "^2.0.0"
      }
    },
    "@vrembem/card": {
      "version": "2.0.0",
      "resolved": "https://registry.npmjs.org/@vrembem/card/-/card-2.0.0.tgz",
      "integrity": "sha512-uRVRsCB1t7YZWWtEXCi/k4QJQx7lFkENKaIp7nmnLjLBnFPVAAFO95CU6bU8Q5a1bxGZUZttOv0hYNyW6Ni9IA==",
      "requires": {
        "@vrembem/core": "^2.0.0"
      }
    },
    "@vrembem/checkbox": {
      "version": "2.0.0",
      "resolved": "https://registry.npmjs.org/@vrembem/checkbox/-/checkbox-2.0.0.tgz",
      "integrity": "sha512-B/cSB5vDcbFjSS2Rz3kNB5G3XZw9nKVnfEGudWaapSBS0aQ2Nc9Dh3vOeQKVqHKK+oMQqTpnQ0mMhlhKLDqpwA==",
      "requires": {
        "@vrembem/core": "^2.0.0"
      }
    },
    "@vrembem/core": {
      "version": "2.0.0",
      "resolved": "https://registry.npmjs.org/@vrembem/core/-/core-2.0.0.tgz",
      "integrity": "sha512-ItYp4a5yCqunc+n07mn1m4M82K3Vr9Rhh7Im/bSgUDVWP8t/Y4DvwQh34qoofnW2As8jRODGdwSnkW2nsfL6xQ==",
      "requires": {
        "focusable-selectors": "^0.3.1"
      }
    },
    "@vrembem/dialog": {
      "version": "2.0.0",
      "resolved": "https://registry.npmjs.org/@vrembem/dialog/-/dialog-2.0.0.tgz",
      "integrity": "sha512-qWBBRFtGUhgbZl93Q8tCPFTqc/b+sQz5G8MRaOkQNOV6w+FX4SO/XJ2RK0b81IPSBkj8Fz6dLCz0Vai4fk7Ofg==",
      "requires": {
        "@vrembem/core": "^2.0.0"
      }
    },
    "@vrembem/drawer": {
      "version": "2.0.0",
      "resolved": "https://registry.npmjs.org/@vrembem/drawer/-/drawer-2.0.0.tgz",
      "integrity": "sha512-kJtRK6wcNgwlamqYkvHkM3s9vBbqxpZyI7Zc2S343Y2BOpQOkPZZfeR0QP8OQ3S1q7eu8Hh9ZxoRP1oAfk9Phg==",
      "requires": {
        "@vrembem/core": "^2.0.0"
      }
    },
    "@vrembem/grid": {
      "version": "2.0.0",
      "resolved": "https://registry.npmjs.org/@vrembem/grid/-/grid-2.0.0.tgz",
      "integrity": "sha512-PcFLXlMFfnkDeWAuihtLMdGR3owmhZAGm/P9rxbNJ+tg+cOlh5SXrg+oVf9OZf7m11NC2Xj3wNyYJD62ygmNvA==",
      "requires": {
        "@vrembem/core": "^2.0.0"
      }
    },
    "@vrembem/icon": {
      "version": "2.0.0",
      "resolved": "https://registry.npmjs.org/@vrembem/icon/-/icon-2.0.0.tgz",
      "integrity": "sha512-A9IDB+MEWca7lfh/+YSHzaK1TcpzcmM7QFkhiglTkPI675gj9AZgXlaLvUXuuKVmKdZZxsxAOM36ifCm4Q1TWQ==",
      "requires": {
        "@vrembem/core": "^2.0.0"
      }
    },
    "@vrembem/icon-action": {
      "version": "2.0.0",
      "resolved": "https://registry.npmjs.org/@vrembem/icon-action/-/icon-action-2.0.0.tgz",
      "integrity": "sha512-89VkmnOtrArvw9aNSgAUywr7tRRkp3MvixAMUWSj05ijt7w/tVmMMAOU42/J8hs2/TetAp0+Mhs1d9kdJ9ZMRA==",
      "requires": {
        "@vrembem/core": "^2.0.0"
      }
    },
    "@vrembem/input": {
      "version": "2.0.0",
      "resolved": "https://registry.npmjs.org/@vrembem/input/-/input-2.0.0.tgz",
      "integrity": "sha512-BUospNUS4kEcT5GA2oJEJ1dkZePRoR7BgTusLhpGBPDvz73D42LpIVCaIVnbeUKpLwGdNz9Ied4tCHVtzBxNmA==",
      "requires": {
        "@vrembem/core": "^2.0.0"
      }
    },
    "@vrembem/level": {
      "version": "2.0.0",
      "resolved": "https://registry.npmjs.org/@vrembem/level/-/level-2.0.0.tgz",
      "integrity": "sha512-XnCJ/wiy77FVYVzADOgFgP+UFIwJ4zD2CQXb0OH4DZ8PGk8UilO7WkeKLrlhWxkQLxVbtLnqqMxp8XMKT/ywMg==",
      "requires": {
        "@vrembem/core": "^2.0.0"
      }
    },
    "@vrembem/media": {
      "version": "2.0.0",
      "resolved": "https://registry.npmjs.org/@vrembem/media/-/media-2.0.0.tgz",
      "integrity": "sha512-uyRdPDU+bM8DJZNco0bZKvqh+oMklq982zj+9uG6dqpwtV3/Yw+H5X3UjKbdcxY9bDHPcFbosEyA59qmPQ5JUg==",
      "requires": {
        "@vrembem/core": "^2.0.0"
      }
    },
    "@vrembem/menu": {
      "version": "2.0.0",
      "resolved": "https://registry.npmjs.org/@vrembem/menu/-/menu-2.0.0.tgz",
      "integrity": "sha512-knl4GjS9twolJ3aLPEqPHjD0/WpolA2rvtdd8IhMh9MfduwIDXbAQDNgcloJTLnTF6oF/DtQroa4iMpbk/EUFw==",
      "requires": {
        "@vrembem/core": "^2.0.0"
      }
    },
    "@vrembem/modal": {
      "version": "2.0.0",
      "resolved": "https://registry.npmjs.org/@vrembem/modal/-/modal-2.0.0.tgz",
      "integrity": "sha512-rMGVMGXACzWbH8HiM3ZGHazJ3M38pdEd3iuuAVlqwsVr0nzTD6/JA2R1DAj1z34dgyF75ATqCLoXin5uK6wsBA==",
      "requires": {
        "@vrembem/core": "^2.0.0"
      }
    },
    "@vrembem/notice": {
      "version": "2.0.0",
      "resolved": "https://registry.npmjs.org/@vrembem/notice/-/notice-2.0.0.tgz",
      "integrity": "sha512-p1xezUCmBy5ETJ2HWOZ4psLrgyCPtbuxEdoOVGNf0iGYu9Tbkstkm+mu1YeJEyhe0GOJefU0osUVWmPGzYdV+Q==",
      "requires": {
        "@vrembem/core": "^2.0.0"
      }
    },
    "@vrembem/popover": {
      "version": "2.0.0",
      "resolved": "https://registry.npmjs.org/@vrembem/popover/-/popover-2.0.0.tgz",
      "integrity": "sha512-al6umw1/DKdCucdC9z2t+DFSf3/eCIYs7HxjcPbkm6k3NdbqhcxSJxZoyAxxqg3E4rktUbSbztL48dXkHrPm7w==",
      "requires": {
        "@popperjs/core": "^2.11.4",
        "@vrembem/core": "^2.0.0"
      }
    },
    "@vrembem/radio": {
      "version": "2.0.0",
      "resolved": "https://registry.npmjs.org/@vrembem/radio/-/radio-2.0.0.tgz",
      "integrity": "sha512-B6RoV+QaY5YwORN15vtQf/Y41h4KwPnLkzgIGl+6WvnnyibDZ+LRooOmOXZ5szJ9By0FOGqf/tLAroW4Ccol7g==",
      "requires": {
        "@vrembem/core": "^2.0.0"
      }
    },
    "@vrembem/section": {
      "version": "2.0.0",
      "resolved": "https://registry.npmjs.org/@vrembem/section/-/section-2.0.0.tgz",
      "integrity": "sha512-UtGWShV3XrLwAs8C+mTSkSRbyfWQ7cWqDnSuM+oONil6lmPcfUEsBwUl4CHXNQf9Grc4iMvxvCrKAKbSLe+7Iw==",
      "requires": {
        "@vrembem/core": "^2.0.0"
      }
    },
    "@vrembem/switch": {
      "version": "2.0.0",
      "resolved": "https://registry.npmjs.org/@vrembem/switch/-/switch-2.0.0.tgz",
      "integrity": "sha512-eE/iXmAN9SQLe8R1JhGJznavOqk/RUh79KFr8+kZVEg84nwaWid8eqvFTBRqfOpzHi1C+bOhLkmF6J4WHvqvYw==",
      "requires": {
        "@vrembem/core": "^2.0.0"
      }
    },
    "@vrembem/table": {
      "version": "2.0.0",
      "resolved": "https://registry.npmjs.org/@vrembem/table/-/table-2.0.0.tgz",
      "integrity": "sha512-oEjx03pCNZalu+4wJG0BSEt/pe7ezYQiXTIVZ7tsdGvVMlSw24/Yw4Phqy4YsjWjjYxBTnaANL0m+99/OsWqzA==",
      "requires": {
        "@vrembem/core": "^2.0.0"
      }
    },
    "@vrembem/utility": {
      "version": "2.0.0",
      "resolved": "https://registry.npmjs.org/@vrembem/utility/-/utility-2.0.0.tgz",
      "integrity": "sha512-KwPLvsX5FVPAY0ZXnJxGaFww31oVBwCajDAT2Jf1J5kD6cCY27zaBFCebV63eUpK7uAPDE3ydmxNc/5lqva7Mw==",
      "requires": {
        "@vrembem/core": "^2.0.0"
      }
    },
    "classnames": {
      "version": "2.2.6"
    },
    "core-js": {
      "version": "3.6.5"
    },
    "feather-icons": {
      "version": "4.29.0",
      "resolved": "https://registry.npmjs.org/feather-icons/-/feather-icons-4.29.0.tgz",
      "integrity": "sha512-Y7VqN9FYb8KdaSF0qD1081HCkm0v4Eq/fpfQYQnubpqi0hXx14k+gF9iqtRys1SIcTEi97xDi/fmsPFZ8xo0GQ==",
      "requires": {
        "classnames": "^2.2.5",
        "core-js": "^3.1.3"
      }
    },
    "focusable-selectors": {
      "version": "0.3.1",
      "resolved": "https://registry.npmjs.org/focusable-selectors/-/focusable-selectors-0.3.1.tgz",
      "integrity": "sha512-5JLtr0e1YJIfmnVlpLiG+av07dd0Xkf/KfswsXcei5KmLfdwOysTQsjF058ynXniujb1fvev7nql1x+CkC5ikw=="
    },
    "list.js": {
      "version": "2.3.1",
      "requires": {
        "string-natural-compare": "^2.0.2"
      }
    },
    "scroll-stash": {
      "version": "1.1.2"
    },
    "string-natural-compare": {
      "version": "2.0.3"
    },
    "svgxuse": {
      "version": "1.2.6"
    },
    "vrembem": {
      "version": "2.0.0",
      "resolved": "https://registry.npmjs.org/vrembem/-/vrembem-2.0.0.tgz",
      "integrity": "sha512-kfwC/w8DnDyNHT5rbFl+aJm9dPpJp4plEzWtiCNvtElOGehnjHakEovLnqA3nriym+vrY+P4nAJfSCM70kWTlw==",
      "requires": {
        "@vrembem/base": "^2.0.0",
        "@vrembem/breadcrumb": "^2.0.0",
        "@vrembem/button": "^2.0.0",
        "@vrembem/button-group": "^2.0.0",
        "@vrembem/card": "^2.0.0",
        "@vrembem/checkbox": "^2.0.0",
        "@vrembem/core": "^2.0.0",
        "@vrembem/dialog": "^2.0.0",
        "@vrembem/drawer": "^2.0.0",
        "@vrembem/grid": "^2.0.0",
        "@vrembem/icon": "^2.0.0",
        "@vrembem/icon-action": "^2.0.0",
        "@vrembem/input": "^2.0.0",
        "@vrembem/level": "^2.0.0",
        "@vrembem/media": "^2.0.0",
        "@vrembem/menu": "^2.0.0",
        "@vrembem/modal": "^2.0.0",
        "@vrembem/notice": "^2.0.0",
        "@vrembem/popover": "^2.0.0",
        "@vrembem/radio": "^2.0.0",
        "@vrembem/section": "^2.0.0",
        "@vrembem/switch": "^2.0.0",
        "@vrembem/table": "^2.0.0",
        "@vrembem/utility": "^2.0.0"
      }
    },
    "wicg-inert": {
      "version": "3.1.1"
    }
  }
}
