{
  "name": "@vrembem/popover",
  "version": "3.0.10",
  "lockfileVersion": 2,
  "requires": true,
  "packages": {
    "": {
      "name": "@vrembem/popover",
      "version": "3.0.10",
      "license": "MIT",
      "dependencies": {
        "@popperjs/core": "^2.11.6",
        "@vrembem/core": "^3.0.10"
      }
    },
    "../core": {
      "name": "@vrembem/core",
      "version": "1.36.1",
      "extraneous": true,
      "license": "MIT",
      "dependencies": {
        "focusable-selectors": "^0.3.1"
      }
    },
    "node_modules/@popperjs/core": {
      "version": "2.11.6",
      "resolved": "https://registry.npmjs.org/@popperjs/core/-/core-2.11.6.tgz",
      "integrity": "sha512-50/17A98tWUfQ176raKiOGXuYpLyyVMkxxG6oylzL3BPOlA6ADGdK7EYunSa4I064xerltq9TGXs8HmOk5E+vw==",
      "funding": {
        "type": "opencollective",
        "url": "https://opencollective.com/popperjs"
      }
    },
    "node_modules/@vrembem/core": {
      "version": "3.0.10",
      "resolved": "https://registry.npmjs.org/@vrembem/core/-/core-3.0.10.tgz",
      "integrity": "sha512-0o80A9KPPGUnj9zwPDl5ysLov26XsIL0vvj/Do5PafygWZ/280V5lzi1iD2NCuTt3SDCXIU4a3yRA74COhjUgQ==",
      "dependencies": {
        "focusable-selectors": "^0.3.1"
      }
    },
    "node_modules/focusable-selectors": {
      "version": "0.3.1",
      "resolved": "https://registry.npmjs.org/focusable-selectors/-/focusable-selectors-0.3.1.tgz",
      "integrity": "sha512-5JLtr0e1YJIfmnVlpLiG+av07dd0Xkf/KfswsXcei5KmLfdwOysTQsjF058ynXniujb1fvev7nql1x+CkC5ikw=="
    }
  },
  "dependencies": {
    "@popperjs/core": {
      "version": "2.11.6",
      "resolved": "https://registry.npmjs.org/@popperjs/core/-/core-2.11.6.tgz",
      "integrity": "sha512-50/17A98tWUfQ176raKiOGXuYpLyyVMkxxG6oylzL3BPOlA6ADGdK7EYunSa4I064xerltq9TGXs8HmOk5E+vw=="
    },
    "@vrembem/core": {
      "version": "3.0.10",
      "resolved": "https://registry.npmjs.org/@vrembem/core/-/core-3.0.10.tgz",
      "integrity": "sha512-0o80A9KPPGUnj9zwPDl5ysLov26XsIL0vvj/Do5PafygWZ/280V5lzi1iD2NCuTt3SDCXIU4a3yRA74COhjUgQ==",
      "requires": {
        "focusable-selectors": "^0.3.1"
      }
    },
    "focusable-selectors": {
      "version": "0.3.1",
      "resolved": "https://registry.npmjs.org/focusable-selectors/-/focusable-selectors-0.3.1.tgz",
      "integrity": "sha512-5JLtr0e1YJIfmnVlpLiG+av07dd0Xkf/KfswsXcei5KmLfdwOysTQsjF058ynXniujb1fvev7nql1x+CkC5ikw=="
    }
  }
}
