{
  "name": "@vrembem/popover",
  "version": "1.34.0",
  "lockfileVersion": 2,
  "requires": true,
  "packages": {
    "": {
      "name": "@vrembem/popover",
      "version": "1.34.0",
      "license": "MIT",
      "dependencies": {
        "@popperjs/core": "^2.10.1",
        "@vrembem/core": "^1.34.0"
      }
    },
    "../core": {
      "name": "@vrembem/core",
      "version": "1.34.0",
      "license": "MIT"
    },
    "node_modules/@popperjs/core": {
      "version": "2.10.1",
      "resolved": "https://registry.npmjs.org/@popperjs/core/-/core-2.10.1.tgz",
      "integrity": "sha512-HnUhk1Sy9IuKrxEMdIRCxpIqPw6BFsbYSEUO9p/hNw5sMld/+3OLMWQP80F8/db9qsv3qUjs7ZR5bS/R+iinXw==",
      "funding": {
        "type": "opencollective",
        "url": "https://opencollective.com/popperjs"
      }
    },
    "node_modules/@vrembem/core": {
      "resolved": "../core",
      "link": true
    }
  },
  "dependencies": {
    "@popperjs/core": {
      "version": "2.10.1",
      "resolved": "https://registry.npmjs.org/@popperjs/core/-/core-2.10.1.tgz",
      "integrity": "sha512-HnUhk1Sy9IuKrxEMdIRCxpIqPw6BFsbYSEUO9p/hNw5sMld/+3OLMWQP80F8/db9qsv3qUjs7ZR5bS/R+iinXw=="
    },
    "@vrembem/core": {
      "version": "file:../core"
    }
  }
}
