{
  "name": "@vrembem/popover",
  "version": "4.0.0-next.7",
  "lockfileVersion": 2,
  "requires": true,
  "packages": {
    "": {
      "name": "@vrembem/popover",
      "version": "4.0.0-next.7",
      "license": "MIT",
      "dependencies": {
        "@popperjs/core": "^2.11.8"
      }
    },
    "../core": {
      "name": "@vrembem/core",
      "version": "1.36.1",
      "extraneous": true,
      "license": "MIT",
      "dependencies": {
        "focusable-selectors": "^0.3.1"
      }
    },
    "node_modules/@popperjs/core": {
      "version": "2.11.8",
      "resolved": "https://registry.npmjs.org/@popperjs/core/-/core-2.11.8.tgz",
      "integrity": "sha512-P1st0aksCrn9sGZhp8GMYwBnQsbvAWsZAX44oXNNvLHGqAOcoVxmjZiohstwQ7SqKnbR47akdNi+uleWD8+g6A==",
      "funding": {
        "type": "opencollective",
        "url": "https://opencollective.com/popperjs"
      }
    }
  },
  "dependencies": {
    "@popperjs/core": {
      "version": "2.11.8",
      "resolved": "https://registry.npmjs.org/@popperjs/core/-/core-2.11.8.tgz",
      "integrity": "sha512-P1st0aksCrn9sGZhp8GMYwBnQsbvAWsZAX44oXNNvLHGqAOcoVxmjZiohstwQ7SqKnbR47akdNi+uleWD8+g6A=="
    }
  }
}
