{
	"name": "@vrembem/tooltip",
	"version": "1.37.0",
	"lockfileVersion": 2,
	"requires": true,
	"packages": {
		"": {
			"name": "@vrembem/tooltip",
			"version": "1.37.0",
			"license": "MIT",
			"dependencies": {
				"@popperjs/core": "^2.11.0"
			}
		},
		"../core": {
			"name": "@vrembem/core",
			"version": "1.37.0",
			"extraneous": true,
			"license": "MIT",
			"dependencies": {
				"focusable-selectors": "^0.3.1"
			}
		},
		"node_modules/@popperjs/core": {
			"version": "2.11.0",
			"resolved": "https://registry.npmjs.org/@popperjs/core/-/core-2.11.0.tgz",
			"integrity": "sha512-zrsUxjLOKAzdewIDRWy9nsV1GQsKBCWaGwsZQlCgr6/q+vjyZhFgqedLfFBuI9anTPEUT4APq9Mu0SZBTzIcGQ==",
			"funding": {
				"type": "opencollective",
				"url": "https://opencollective.com/popperjs"
			}
		}
	},
	"dependencies": {
		"@popperjs/core": {
			"version": "2.11.0",
			"resolved": "https://registry.npmjs.org/@popperjs/core/-/core-2.11.0.tgz",
			"integrity": "sha512-zrsUxjLOKAzdewIDRWy9nsV1GQsKBCWaGwsZQlCgr6/q+vjyZhFgqedLfFBuI9anTPEUT4APq9Mu0SZBTzIcGQ=="
		}
	}
}
