{
  "name": "@vrembem/core",
  "version": "4.0.0-next.20",
  "lockfileVersion": 2,
  "requires": true,
  "packages": {
    "": {
      "name": "@vrembem/core",
      "version": "4.0.0-next.20",
      "license": "MIT",
      "dependencies": {
        "focusable-selectors": "^0.8.4"
      }
    },
    "node_modules/focusable-selectors": {
      "version": "0.8.0",
      "resolved": "https://registry.npmjs.org/focusable-selectors/-/focusable-selectors-0.8.0.tgz",
      "integrity": "sha512-lKyq/Cth8mTEzJk2CLHLdMDYl2zmMicQflfrUMs0CZ3Boc5Ca/63d7z+GgKV3nKm79KqrPtCWrwTdoV9RTjVCA=="
    }
  },
  "dependencies": {
    "focusable-selectors": {
      "version": "0.8.0",
      "resolved": "https://registry.npmjs.org/focusable-selectors/-/focusable-selectors-0.8.0.tgz",
      "integrity": "sha512-lKyq/Cth8mTEzJk2CLHLdMDYl2zmMicQflfrUMs0CZ3Boc5Ca/63d7z+GgKV3nKm79KqrPtCWrwTdoV9RTjVCA=="
    }
  }
}