{
	"name": "@vrembem/core",
	"version": "3.0.8",
	"lockfileVersion": 2,
	"requires": true,
	"packages": {
		"": {
			"name": "@vrembem/core",
			"version": "1.40.2",
			"license": "MIT",
			"dependencies": {
				"focusable-selectors": "^0.3.1"
			}
		},
		"node_modules/focusable-selectors": {
			"version": "0.3.1",
			"resolved": "https://registry.npmjs.org/focusable-selectors/-/focusable-selectors-0.3.1.tgz",
			"integrity": "sha512-5JLtr0e1YJIfmnVlpLiG+av07dd0Xkf/KfswsXcei5KmLfdwOysTQsjF058ynXniujb1fvev7nql1x+CkC5ikw=="
		}
	},
	"dependencies": {
		"focusable-selectors": {
			"version": "0.3.1",
			"resolved": "https://registry.npmjs.org/focusable-selectors/-/focusable-selectors-0.3.1.tgz",
			"integrity": "sha512-5JLtr0e1YJIfmnVlpLiG+av07dd0Xkf/KfswsXcei5KmLfdwOysTQsjF058ynXniujb1fvev7nql1x+CkC5ikw=="
		}
	}
}
