{
  "name": "docs",
  "version": "3.0.8",
  "lockfileVersion": 2,
  "requires": true,
  "packages": {
    "": {
      "name": "docs",
      "version": "3.0.8",
      "dependencies": {
        "feather-icons": "^4.29.0",
        "list.js": "^2.3.1",
        "scroll-stash": "^1.1.2",
        "svgxuse": "^1.2.6",
        "vrembem": "^3.0.8",
        "wicg-inert": "^3.1.2"
      }
    },
    "../packages/base": {
      "name": "@vrembem/base",
      "version": "1.37.0",
      "extraneous": true,
      "license": "MIT",
      "dependencies": {
        "@vrembem/core": "^1.37.0"
      }
    },
    "../packages/breadcrumb": {
      "name": "@vrembem/breadcrumb",
      "version": "1.37.0",
      "extraneous": true,
      "license": "MIT",
      "dependencies": {
        "@vrembem/base": "^1.37.0",
        "@vrembem/core": "^1.37.0"
      }
    },
    "../packages/button": {
      "name": "@vrembem/button",
      "version": "1.37.0",
      "extraneous": true,
      "license": "MIT",
      "dependencies": {
        "@vrembem/core": "^1.37.0"
      }
    },
    "../packages/button-group": {
      "name": "@vrembem/button-group",
      "version": "1.37.0",
      "extraneous": true,
      "license": "MIT",
      "dependencies": {
        "@vrembem/core": "^1.37.0"
      }
    },
    "../packages/card": {
      "name": "@vrembem/card",
      "version": "1.37.0",
      "extraneous": true,
      "license": "MIT",
      "dependencies": {
        "@vrembem/core": "^1.37.0"
      }
    },
    "../packages/checkbox": {
      "name": "@vrembem/checkbox",
      "version": "1.37.0",
      "extraneous": true,
      "license": "MIT",
      "dependencies": {
        "@vrembem/core": "^1.37.0"
      }
    },
    "../packages/core": {
      "name": "@vrembem/core",
      "version": "1.37.0",
      "extraneous": true,
      "license": "MIT",
      "dependencies": {
        "focusable-selectors": "^0.3.1"
      }
    },
    "../packages/dialog": {
      "name": "@vrembem/dialog",
      "version": "1.37.0",
      "extraneous": true,
      "license": "MIT",
      "dependencies": {
        "@vrembem/core": "^1.37.0"
      }
    },
    "../packages/drawer": {
      "name": "@vrembem/drawer",
      "version": "1.37.0",
      "extraneous": true,
      "license": "MIT",
      "dependencies": {
        "@vrembem/core": "^1.37.0"
      }
    },
    "../packages/grid": {
      "name": "@vrembem/grid",
      "version": "1.37.0",
      "extraneous": true,
      "license": "MIT",
      "dependencies": {
        "@vrembem/core": "^1.37.0"
      }
    },
    "../packages/icon": {
      "name": "@vrembem/icon",
      "version": "1.37.0",
      "extraneous": true,
      "license": "MIT",
      "dependencies": {
        "@vrembem/core": "^1.37.0"
      }
    },
    "../packages/icon-action": {
      "name": "@vrembem/icon-action",
      "version": "1.37.0",
      "extraneous": true,
      "license": "MIT",
      "dependencies": {
        "@vrembem/core": "^1.37.0"
      }
    },
    "../packages/input": {
      "name": "@vrembem/input",
      "version": "1.37.0",
      "extraneous": true,
      "license": "MIT",
      "dependencies": {
        "@vrembem/core": "^1.37.0"
      }
    },
    "../packages/level": {
      "name": "@vrembem/level",
      "version": "1.37.0",
      "extraneous": true,
      "license": "MIT",
      "dependencies": {
        "@vrembem/core": "^1.37.0"
      }
    },
    "../packages/media": {
      "name": "@vrembem/media",
      "version": "1.37.0",
      "extraneous": true,
      "license": "MIT",
      "dependencies": {
        "@vrembem/core": "^1.37.0"
      }
    },
    "../packages/menu": {
      "name": "@vrembem/menu",
      "version": "1.37.0",
      "extraneous": true,
      "license": "MIT",
      "dependencies": {
        "@vrembem/core": "^1.37.0"
      }
    },
    "../packages/modal": {
      "name": "@vrembem/modal",
      "version": "1.37.0",
      "extraneous": true,
      "license": "MIT",
      "dependencies": {
        "@vrembem/core": "^1.37.0"
      }
    },
    "../packages/notice": {
      "name": "@vrembem/notice",
      "version": "1.37.0",
      "extraneous": true,
      "license": "MIT",
      "dependencies": {
        "@vrembem/core": "^1.37.0"
      }
    },
    "../packages/popover": {
      "name": "@vrembem/popover",
      "version": "1.37.0",
      "extraneous": true,
      "license": "MIT",
      "dependencies": {
        "@popperjs/core": "^2.11.2"
      }
    },
    "../packages/radio": {
      "name": "@vrembem/radio",
      "version": "1.37.0",
      "extraneous": true,
      "license": "MIT",
      "dependencies": {
        "@vrembem/core": "^1.37.0"
      }
    },
    "../packages/section": {
      "name": "@vrembem/section",
      "version": "1.37.0",
      "extraneous": true,
      "license": "MIT",
      "dependencies": {
        "@vrembem/core": "^1.37.0"
      }
    },
    "../packages/switch": {
      "name": "@vrembem/switch",
      "version": "1.37.0",
      "extraneous": true,
      "license": "MIT",
      "dependencies": {
        "@vrembem/core": "^1.37.0"
      }
    },
    "../packages/table": {
      "name": "@vrembem/table",
      "version": "1.37.0",
      "extraneous": true,
      "license": "MIT",
      "dependencies": {
        "@vrembem/core": "^1.37.0"
      }
    },
    "../packages/tooltip": {
      "name": "@vrembem/tooltip",
      "version": "1.37.0",
      "extraneous": true,
      "license": "MIT",
      "dependencies": {
        "@vrembem/core": "^1.37.0"
      }
    },
    "../packages/utility": {
      "name": "@vrembem/utility",
      "version": "1.37.0",
      "extraneous": true,
      "license": "MIT",
      "dependencies": {
        "@vrembem/core": "^1.37.0"
      }
    },
    "../packages/vrembem": {
      "version": "1.37.0",
      "extraneous": true,
      "license": "MIT",
      "dependencies": {
        "@vrembem/base": "^1.37.0",
        "@vrembem/breadcrumb": "^1.37.0",
        "@vrembem/button": "^1.37.0",
        "@vrembem/button-group": "^1.37.0",
        "@vrembem/card": "^1.37.0",
        "@vrembem/checkbox": "^1.37.0",
        "@vrembem/core": "^1.37.0",
        "@vrembem/dialog": "^1.37.0",
        "@vrembem/drawer": "^1.37.0",
        "@vrembem/grid": "^1.37.0",
        "@vrembem/icon": "^1.37.0",
        "@vrembem/icon-action": "^1.37.0",
        "@vrembem/input": "^1.37.0",
        "@vrembem/level": "^1.37.0",
        "@vrembem/media": "^1.37.0",
        "@vrembem/menu": "^1.37.0",
        "@vrembem/modal": "^1.37.0",
        "@vrembem/notice": "^1.37.0",
        "@vrembem/popover": "^1.37.0",
        "@vrembem/radio": "^1.37.0",
        "@vrembem/section": "^1.37.0",
        "@vrembem/switch": "^1.37.0",
        "@vrembem/table": "^1.37.0",
        "@vrembem/tooltip": "^1.37.0",
        "@vrembem/utility": "^1.37.0"
      }
    },
    "node_modules/@popperjs/core": {
      "version": "2.11.5",
      "resolved": "https://registry.npmjs.org/@popperjs/core/-/core-2.11.5.tgz",
      "integrity": "sha512-9X2obfABZuDVLCgPK9aX0a/x4jaOEweTTWE2+9sr0Qqqevj2Uv5XorvusThmc9XGYpS9yI+fhh8RTafBtGposw==",
      "funding": {
        "type": "opencollective",
        "url": "https://opencollective.com/popperjs"
      }
    },
    "node_modules/@vrembem/base": {
      "version": "3.0.8",
      "resolved": "https://registry.npmjs.org/@vrembem/base/-/base-3.0.8.tgz",
      "integrity": "sha512-DLbLq3CITkEXzsxYwbDDcaedQAjcaJ+TW2xZwxxjEju7Vm1tsNf2AYp8c8TnB72dGxDifjZqtsby9X+KawZo8A==",
      "dependencies": {
        "@vrembem/core": "^3.0.8"
      }
    },
    "node_modules/@vrembem/breadcrumb": {
      "version": "3.0.8",
      "resolved": "https://registry.npmjs.org/@vrembem/breadcrumb/-/breadcrumb-3.0.8.tgz",
      "integrity": "sha512-/od3TPSJZW9j3KTCMb66DQGrEPT4E1650PyiuHDJxNo8z3mZ1h/QYiJledMAOJhCgyE7CVb5u4IjbC7cw+PCkA==",
      "dependencies": {
        "@vrembem/base": "^3.0.8",
        "@vrembem/core": "^3.0.8"
      }
    },
    "node_modules/@vrembem/button": {
      "version": "3.0.8",
      "resolved": "https://registry.npmjs.org/@vrembem/button/-/button-3.0.8.tgz",
      "integrity": "sha512-gw/h7dzGg00a+bEMj98msLTve+pv5a+YF4JjmVcaStCVTBNGkveO6UpQeUxl5Ea3A7a+7xqORUBlhjrGXkXvkQ==",
      "dependencies": {
        "@vrembem/core": "^3.0.8"
      }
    },
    "node_modules/@vrembem/button-group": {
      "version": "3.0.8",
      "resolved": "https://registry.npmjs.org/@vrembem/button-group/-/button-group-3.0.8.tgz",
      "integrity": "sha512-nIndtIjVer4JwbvJhtlFuVAQi+1kXUKk/xKinyC8quk0EMPMzKsgYaKKOkxDYL6TnFqkEdIqXp6KkHea5sjI2g==",
      "dependencies": {
        "@vrembem/core": "^3.0.8"
      }
    },
    "node_modules/@vrembem/card": {
      "version": "3.0.8",
      "resolved": "https://registry.npmjs.org/@vrembem/card/-/card-3.0.8.tgz",
      "integrity": "sha512-Gh6Yovv3Ev6RNnz6C7qw1FgJi2825hX80v7tsRHONSQ+lHQEmBlIf9vrUX5WaVAbIUGb1gDSJa8ewBGJQ85zgg==",
      "dependencies": {
        "@vrembem/core": "^3.0.8"
      }
    },
    "node_modules/@vrembem/checkbox": {
      "version": "3.0.8",
      "resolved": "https://registry.npmjs.org/@vrembem/checkbox/-/checkbox-3.0.8.tgz",
      "integrity": "sha512-nVHV37+9e9+60Z+ZGXIwL4i9hyW5POiTOMKBedYsf6gnehwjxzwGfkXFW3JjBHaxubMRWuzHwLfGtLsae7mOxQ==",
      "dependencies": {
        "@vrembem/core": "^3.0.8"
      }
    },
    "node_modules/@vrembem/core": {
      "version": "3.0.8",
      "resolved": "https://registry.npmjs.org/@vrembem/core/-/core-3.0.8.tgz",
      "integrity": "sha512-bjtx8/iJKKtrB5aJEzfODa6b6xH7r+s5oJHtxWImiiTzNWUyuZJ0wXOrKABPcGRbL1fa7d5nFepAGyFEG7Q46Q==",
      "dependencies": {
        "focusable-selectors": "^0.3.1"
      }
    },
    "node_modules/@vrembem/dialog": {
      "version": "3.0.8",
      "resolved": "https://registry.npmjs.org/@vrembem/dialog/-/dialog-3.0.8.tgz",
      "integrity": "sha512-ketW3yxoBwu5ShjXgsS2lDIrUFRL5KDF56HstHkRn8U3K7OeiLCgG3ylWdn5LMNL0slVxzBMO8985ETEyS8Kvg==",
      "dependencies": {
        "@vrembem/core": "^3.0.8"
      }
    },
    "node_modules/@vrembem/drawer": {
      "version": "3.0.8",
      "resolved": "https://registry.npmjs.org/@vrembem/drawer/-/drawer-3.0.8.tgz",
      "integrity": "sha512-P4oQA7R6c5+5x3Qu8YWql3uyPtdYgPVwAm4YE0TRneR0oYr5p6JFWEMML93s/klHuz/hzdqKS5peh9mmYrhixg==",
      "dependencies": {
        "@vrembem/core": "^3.0.8"
      }
    },
    "node_modules/@vrembem/grid": {
      "version": "3.0.8",
      "resolved": "https://registry.npmjs.org/@vrembem/grid/-/grid-3.0.8.tgz",
      "integrity": "sha512-38IHgGFIVsZKbouHleMo6BEKvmvIJBuIjoGD31cqFPULXrBe7/dz6KUFGD4aXVHA4g2BUb6Y/6iY4/k2Nfu/mA==",
      "dependencies": {
        "@vrembem/core": "^3.0.8"
      }
    },
    "node_modules/@vrembem/icon": {
      "version": "3.0.8",
      "resolved": "https://registry.npmjs.org/@vrembem/icon/-/icon-3.0.8.tgz",
      "integrity": "sha512-4K6ZMz1uZ395Bcb32jmsBLy2jwMFMQ8O3gHOZNTLKTzjJSkDIVxkl4jRhxgfNOZCL4oQftPj2hY6/hxmEYaD5w==",
      "dependencies": {
        "@vrembem/core": "^3.0.8"
      }
    },
    "node_modules/@vrembem/icon-action": {
      "version": "3.0.8",
      "resolved": "https://registry.npmjs.org/@vrembem/icon-action/-/icon-action-3.0.8.tgz",
      "integrity": "sha512-rXvYXIBJjJB3FqR3Y36bIEqx6DDRXsRRtrTn4CHzpK68KQ+m0HRtk2lo7BDbE0ZwhPUscMMzdy/GuGQuL2IHqg==",
      "dependencies": {
        "@vrembem/core": "^3.0.8"
      }
    },
    "node_modules/@vrembem/input": {
      "version": "3.0.8",
      "resolved": "https://registry.npmjs.org/@vrembem/input/-/input-3.0.8.tgz",
      "integrity": "sha512-SZSWzeVC7gvfZ8EsxlfNegtQvJIK8twbulSrVr2vGZ26koFz9DhbZMCpuwRLDd/kiHehfMmnNQtzprV10o28xg==",
      "dependencies": {
        "@vrembem/core": "^3.0.8"
      }
    },
    "node_modules/@vrembem/level": {
      "version": "3.0.8",
      "resolved": "https://registry.npmjs.org/@vrembem/level/-/level-3.0.8.tgz",
      "integrity": "sha512-FeaVzlEQtXIqa2uaahQwL7bvVmzPsjWcNslJ2ZO1qBSncc7b/MR+VWojvMxsUNH35mJ3bUXv8Ue5OXmPzfACRg==",
      "dependencies": {
        "@vrembem/core": "^3.0.8"
      }
    },
    "node_modules/@vrembem/media": {
      "version": "3.0.8",
      "resolved": "https://registry.npmjs.org/@vrembem/media/-/media-3.0.8.tgz",
      "integrity": "sha512-ro+bRxcHlr5kDQqqJVF9JsN2//hztHpM55dTPwZ0pRGNg/pok20RA6DlK2HRgq8Na0VLZuVkyJml1t41/sn3Xg==",
      "dependencies": {
        "@vrembem/core": "^3.0.8"
      }
    },
    "node_modules/@vrembem/menu": {
      "version": "3.0.8",
      "resolved": "https://registry.npmjs.org/@vrembem/menu/-/menu-3.0.8.tgz",
      "integrity": "sha512-L+922iVwOWzCVQpD16PJL0eu5vvMdH+ArsYK2yNuPYI5gJuZhF+MMhszA8ldcpGDINcLQEdrUu/OiuKqs8mSIQ==",
      "dependencies": {
        "@vrembem/core": "^3.0.8"
      }
    },
    "node_modules/@vrembem/modal": {
      "version": "3.0.8",
      "resolved": "https://registry.npmjs.org/@vrembem/modal/-/modal-3.0.8.tgz",
      "integrity": "sha512-4og8QhKjP3d/icAmauNrngUNV+zpEV2kZ7TbdXIzny3ysM58UwqqnYZuT0NTu9JDZhuD0JB6qgkxmw3uYUcTkg==",
      "dependencies": {
        "@vrembem/core": "^3.0.8"
      }
    },
    "node_modules/@vrembem/notice": {
      "version": "3.0.8",
      "resolved": "https://registry.npmjs.org/@vrembem/notice/-/notice-3.0.8.tgz",
      "integrity": "sha512-gd52qel11f5/I/reH+LxXdQqqexdzRKIBSbptuJOxlGM0SvJYVh0bLJ+zauscveN4jZcn9RU3aJuabyuxLCeBA==",
      "dependencies": {
        "@vrembem/core": "^3.0.8"
      }
    },
    "node_modules/@vrembem/popover": {
      "version": "3.0.8",
      "resolved": "https://registry.npmjs.org/@vrembem/popover/-/popover-3.0.8.tgz",
      "integrity": "sha512-1CKQ8WDOjkMsec4xDuNmXMtmvcw039csz66r0cJwyg8yp/cQTpDC6uXqA61xCBWlcNJYqwipTcJX5pM2HlkC/w==",
      "dependencies": {
        "@popperjs/core": "^2.11.4",
        "@vrembem/core": "^3.0.8"
      }
    },
    "node_modules/@vrembem/radio": {
      "version": "3.0.8",
      "resolved": "https://registry.npmjs.org/@vrembem/radio/-/radio-3.0.8.tgz",
      "integrity": "sha512-gmyku+4ptj3qzs3id9AIT6DeJa8arA8YLZ+NxWra+xC92DcMrSfSVSlVDOPq2VzrCX+4TlTuQR4H2Tzb4BsM8Q==",
      "dependencies": {
        "@vrembem/core": "^3.0.8"
      }
    },
    "node_modules/@vrembem/section": {
      "version": "3.0.8",
      "resolved": "https://registry.npmjs.org/@vrembem/section/-/section-3.0.8.tgz",
      "integrity": "sha512-g38B9PL7lslr0w4rJpPXuPWDXRhkmE7gY2dpnJOJ2LkvhWdRZslUfg49RgyfWVxJq54zbnP+4vdVZM+a33oNdA==",
      "dependencies": {
        "@vrembem/core": "^3.0.8"
      }
    },
    "node_modules/@vrembem/switch": {
      "version": "3.0.8",
      "resolved": "https://registry.npmjs.org/@vrembem/switch/-/switch-3.0.8.tgz",
      "integrity": "sha512-TVPkCEqRaH0PNg98wtdfvZ7E//qUlD9/lJ1bu1lDQ/QB8ohugbSCa2sjaVf7qt69huuzHKTFJ6Y9p81LehhkGQ==",
      "dependencies": {
        "@vrembem/core": "^3.0.8"
      }
    },
    "node_modules/@vrembem/table": {
      "version": "3.0.8",
      "resolved": "https://registry.npmjs.org/@vrembem/table/-/table-3.0.8.tgz",
      "integrity": "sha512-O3NkgY89kKOjLHjX/n5U1jFMHjVcXFdgtP4SpoDtwtgJtRKzzxGIdJJOVSfMhWKLOxt9UBz33RcdONoprXamQw==",
      "dependencies": {
        "@vrembem/core": "^3.0.8"
      }
    },
    "node_modules/@vrembem/utility": {
      "version": "3.0.8",
      "resolved": "https://registry.npmjs.org/@vrembem/utility/-/utility-3.0.8.tgz",
      "integrity": "sha512-HLLmZJL2XaEfIvv+yhIdUFc0ISJX28eqxm4u7powVSXcQVKyT+48znWCEgQgQiVA4C+COueOssTi3m7nSKYQcQ==",
      "dependencies": {
        "@vrembem/core": "^3.0.8"
      }
    },
    "node_modules/classnames": {
      "version": "2.2.6",
      "license": "MIT"
    },
    "node_modules/core-js": {
      "version": "3.6.5",
      "hasInstallScript": true,
      "license": "MIT",
      "funding": {
        "type": "opencollective",
        "url": "https://opencollective.com/core-js"
      }
    },
    "node_modules/feather-icons": {
      "version": "4.29.0",
      "resolved": "https://registry.npmjs.org/feather-icons/-/feather-icons-4.29.0.tgz",
      "integrity": "sha512-Y7VqN9FYb8KdaSF0qD1081HCkm0v4Eq/fpfQYQnubpqi0hXx14k+gF9iqtRys1SIcTEi97xDi/fmsPFZ8xo0GQ==",
      "dependencies": {
        "classnames": "^2.2.5",
        "core-js": "^3.1.3"
      }
    },
    "node_modules/focusable-selectors": {
      "version": "0.3.1",
      "resolved": "https://registry.npmjs.org/focusable-selectors/-/focusable-selectors-0.3.1.tgz",
      "integrity": "sha512-5JLtr0e1YJIfmnVlpLiG+av07dd0Xkf/KfswsXcei5KmLfdwOysTQsjF058ynXniujb1fvev7nql1x+CkC5ikw=="
    },
    "node_modules/list.js": {
      "version": "2.3.1",
      "license": "MIT",
      "dependencies": {
        "string-natural-compare": "^2.0.2"
      },
      "engines": {
        "node": "^6.0 || ^8.0 || ^10.0 || ^12.0 || >=14"
      }
    },
    "node_modules/scroll-stash": {
      "version": "1.1.2",
      "license": "MIT"
    },
    "node_modules/string-natural-compare": {
      "version": "2.0.3",
      "license": "MIT"
    },
    "node_modules/svgxuse": {
      "version": "1.2.6",
      "license": "MIT"
    },
    "node_modules/vrembem": {
      "version": "3.0.8",
      "resolved": "https://registry.npmjs.org/vrembem/-/vrembem-3.0.8.tgz",
      "integrity": "sha512-g/nl90KMFSeSXdrLHdhAuB5Mij1qpmNTp9TN/RPtFp2lsGQsYVKFGWR/bBIfYCuI+dXrO+LCAGFxeuMbmYtDmw==",
      "dependencies": {
        "@vrembem/base": "^3.0.8",
        "@vrembem/breadcrumb": "^3.0.8",
        "@vrembem/button": "^3.0.8",
        "@vrembem/button-group": "^3.0.8",
        "@vrembem/card": "^3.0.8",
        "@vrembem/checkbox": "^3.0.8",
        "@vrembem/core": "^3.0.8",
        "@vrembem/dialog": "^3.0.8",
        "@vrembem/drawer": "^3.0.8",
        "@vrembem/grid": "^3.0.8",
        "@vrembem/icon": "^3.0.8",
        "@vrembem/icon-action": "^3.0.8",
        "@vrembem/input": "^3.0.8",
        "@vrembem/level": "^3.0.8",
        "@vrembem/media": "^3.0.8",
        "@vrembem/menu": "^3.0.8",
        "@vrembem/modal": "^3.0.8",
        "@vrembem/notice": "^3.0.8",
        "@vrembem/popover": "^3.0.8",
        "@vrembem/radio": "^3.0.8",
        "@vrembem/section": "^3.0.8",
        "@vrembem/switch": "^3.0.8",
        "@vrembem/table": "^3.0.8",
        "@vrembem/utility": "^3.0.8"
      }
    },
    "node_modules/wicg-inert": {
      "version": "3.1.2",
      "resolved": "https://registry.npmjs.org/wicg-inert/-/wicg-inert-3.1.2.tgz",
      "integrity": "sha512-Ba9tGNYxXwaqKEi9sJJvPMKuo063umUPsHN0JJsjrs2j8KDSzkWLMZGZ+MH1Jf1Fq4OWZ5HsESJID6nRza2ang=="
    }
  },
  "dependencies": {
    "@popperjs/core": {
      "version": "2.11.5",
      "resolved": "https://registry.npmjs.org/@popperjs/core/-/core-2.11.5.tgz",
      "integrity": "sha512-9X2obfABZuDVLCgPK9aX0a/x4jaOEweTTWE2+9sr0Qqqevj2Uv5XorvusThmc9XGYpS9yI+fhh8RTafBtGposw=="
    },
    "@vrembem/base": {
      "version": "3.0.8",
      "resolved": "https://registry.npmjs.org/@vrembem/base/-/base-3.0.8.tgz",
      "integrity": "sha512-DLbLq3CITkEXzsxYwbDDcaedQAjcaJ+TW2xZwxxjEju7Vm1tsNf2AYp8c8TnB72dGxDifjZqtsby9X+KawZo8A==",
      "requires": {
        "@vrembem/core": "^3.0.8"
      }
    },
    "@vrembem/breadcrumb": {
      "version": "3.0.8",
      "resolved": "https://registry.npmjs.org/@vrembem/breadcrumb/-/breadcrumb-3.0.8.tgz",
      "integrity": "sha512-/od3TPSJZW9j3KTCMb66DQGrEPT4E1650PyiuHDJxNo8z3mZ1h/QYiJledMAOJhCgyE7CVb5u4IjbC7cw+PCkA==",
      "requires": {
        "@vrembem/base": "^3.0.8",
        "@vrembem/core": "^3.0.8"
      }
    },
    "@vrembem/button": {
      "version": "3.0.8",
      "resolved": "https://registry.npmjs.org/@vrembem/button/-/button-3.0.8.tgz",
      "integrity": "sha512-gw/h7dzGg00a+bEMj98msLTve+pv5a+YF4JjmVcaStCVTBNGkveO6UpQeUxl5Ea3A7a+7xqORUBlhjrGXkXvkQ==",
      "requires": {
        "@vrembem/core": "^3.0.8"
      }
    },
    "@vrembem/button-group": {
      "version": "3.0.8",
      "resolved": "https://registry.npmjs.org/@vrembem/button-group/-/button-group-3.0.8.tgz",
      "integrity": "sha512-nIndtIjVer4JwbvJhtlFuVAQi+1kXUKk/xKinyC8quk0EMPMzKsgYaKKOkxDYL6TnFqkEdIqXp6KkHea5sjI2g==",
      "requires": {
        "@vrembem/core": "^3.0.8"
      }
    },
    "@vrembem/card": {
      "version": "3.0.8",
      "resolved": "https://registry.npmjs.org/@vrembem/card/-/card-3.0.8.tgz",
      "integrity": "sha512-Gh6Yovv3Ev6RNnz6C7qw1FgJi2825hX80v7tsRHONSQ+lHQEmBlIf9vrUX5WaVAbIUGb1gDSJa8ewBGJQ85zgg==",
      "requires": {
        "@vrembem/core": "^3.0.8"
      }
    },
    "@vrembem/checkbox": {
      "version": "3.0.8",
      "resolved": "https://registry.npmjs.org/@vrembem/checkbox/-/checkbox-3.0.8.tgz",
      "integrity": "sha512-nVHV37+9e9+60Z+ZGXIwL4i9hyW5POiTOMKBedYsf6gnehwjxzwGfkXFW3JjBHaxubMRWuzHwLfGtLsae7mOxQ==",
      "requires": {
        "@vrembem/core": "^3.0.8"
      }
    },
    "@vrembem/core": {
      "version": "3.0.8",
      "resolved": "https://registry.npmjs.org/@vrembem/core/-/core-3.0.8.tgz",
      "integrity": "sha512-bjtx8/iJKKtrB5aJEzfODa6b6xH7r+s5oJHtxWImiiTzNWUyuZJ0wXOrKABPcGRbL1fa7d5nFepAGyFEG7Q46Q==",
      "requires": {
        "focusable-selectors": "^0.3.1"
      }
    },
    "@vrembem/dialog": {
      "version": "3.0.8",
      "resolved": "https://registry.npmjs.org/@vrembem/dialog/-/dialog-3.0.8.tgz",
      "integrity": "sha512-ketW3yxoBwu5ShjXgsS2lDIrUFRL5KDF56HstHkRn8U3K7OeiLCgG3ylWdn5LMNL0slVxzBMO8985ETEyS8Kvg==",
      "requires": {
        "@vrembem/core": "^3.0.8"
      }
    },
    "@vrembem/drawer": {
      "version": "3.0.8",
      "resolved": "https://registry.npmjs.org/@vrembem/drawer/-/drawer-3.0.8.tgz",
      "integrity": "sha512-P4oQA7R6c5+5x3Qu8YWql3uyPtdYgPVwAm4YE0TRneR0oYr5p6JFWEMML93s/klHuz/hzdqKS5peh9mmYrhixg==",
      "requires": {
        "@vrembem/core": "^3.0.8"
      }
    },
    "@vrembem/grid": {
      "version": "3.0.8",
      "resolved": "https://registry.npmjs.org/@vrembem/grid/-/grid-3.0.8.tgz",
      "integrity": "sha512-38IHgGFIVsZKbouHleMo6BEKvmvIJBuIjoGD31cqFPULXrBe7/dz6KUFGD4aXVHA4g2BUb6Y/6iY4/k2Nfu/mA==",
      "requires": {
        "@vrembem/core": "^3.0.8"
      }
    },
    "@vrembem/icon": {
      "version": "3.0.8",
      "resolved": "https://registry.npmjs.org/@vrembem/icon/-/icon-3.0.8.tgz",
      "integrity": "sha512-4K6ZMz1uZ395Bcb32jmsBLy2jwMFMQ8O3gHOZNTLKTzjJSkDIVxkl4jRhxgfNOZCL4oQftPj2hY6/hxmEYaD5w==",
      "requires": {
        "@vrembem/core": "^3.0.8"
      }
    },
    "@vrembem/icon-action": {
      "version": "3.0.8",
      "resolved": "https://registry.npmjs.org/@vrembem/icon-action/-/icon-action-3.0.8.tgz",
      "integrity": "sha512-rXvYXIBJjJB3FqR3Y36bIEqx6DDRXsRRtrTn4CHzpK68KQ+m0HRtk2lo7BDbE0ZwhPUscMMzdy/GuGQuL2IHqg==",
      "requires": {
        "@vrembem/core": "^3.0.8"
      }
    },
    "@vrembem/input": {
      "version": "3.0.8",
      "resolved": "https://registry.npmjs.org/@vrembem/input/-/input-3.0.8.tgz",
      "integrity": "sha512-SZSWzeVC7gvfZ8EsxlfNegtQvJIK8twbulSrVr2vGZ26koFz9DhbZMCpuwRLDd/kiHehfMmnNQtzprV10o28xg==",
      "requires": {
        "@vrembem/core": "^3.0.8"
      }
    },
    "@vrembem/level": {
      "version": "3.0.8",
      "resolved": "https://registry.npmjs.org/@vrembem/level/-/level-3.0.8.tgz",
      "integrity": "sha512-FeaVzlEQtXIqa2uaahQwL7bvVmzPsjWcNslJ2ZO1qBSncc7b/MR+VWojvMxsUNH35mJ3bUXv8Ue5OXmPzfACRg==",
      "requires": {
        "@vrembem/core": "^3.0.8"
      }
    },
    "@vrembem/media": {
      "version": "3.0.8",
      "resolved": "https://registry.npmjs.org/@vrembem/media/-/media-3.0.8.tgz",
      "integrity": "sha512-ro+bRxcHlr5kDQqqJVF9JsN2//hztHpM55dTPwZ0pRGNg/pok20RA6DlK2HRgq8Na0VLZuVkyJml1t41/sn3Xg==",
      "requires": {
        "@vrembem/core": "^3.0.8"
      }
    },
    "@vrembem/menu": {
      "version": "3.0.8",
      "resolved": "https://registry.npmjs.org/@vrembem/menu/-/menu-3.0.8.tgz",
      "integrity": "sha512-L+922iVwOWzCVQpD16PJL0eu5vvMdH+ArsYK2yNuPYI5gJuZhF+MMhszA8ldcpGDINcLQEdrUu/OiuKqs8mSIQ==",
      "requires": {
        "@vrembem/core": "^3.0.8"
      }
    },
    "@vrembem/modal": {
      "version": "3.0.8",
      "resolved": "https://registry.npmjs.org/@vrembem/modal/-/modal-3.0.8.tgz",
      "integrity": "sha512-4og8QhKjP3d/icAmauNrngUNV+zpEV2kZ7TbdXIzny3ysM58UwqqnYZuT0NTu9JDZhuD0JB6qgkxmw3uYUcTkg==",
      "requires": {
        "@vrembem/core": "^3.0.8"
      }
    },
    "@vrembem/notice": {
      "version": "3.0.8",
      "resolved": "https://registry.npmjs.org/@vrembem/notice/-/notice-3.0.8.tgz",
      "integrity": "sha512-gd52qel11f5/I/reH+LxXdQqqexdzRKIBSbptuJOxlGM0SvJYVh0bLJ+zauscveN4jZcn9RU3aJuabyuxLCeBA==",
      "requires": {
        "@vrembem/core": "^3.0.8"
      }
    },
    "@vrembem/popover": {
      "version": "3.0.8",
      "resolved": "https://registry.npmjs.org/@vrembem/popover/-/popover-3.0.8.tgz",
      "integrity": "sha512-1CKQ8WDOjkMsec4xDuNmXMtmvcw039csz66r0cJwyg8yp/cQTpDC6uXqA61xCBWlcNJYqwipTcJX5pM2HlkC/w==",
      "requires": {
        "@popperjs/core": "^2.11.4",
        "@vrembem/core": "^3.0.8"
      }
    },
    "@vrembem/radio": {
      "version": "3.0.8",
      "resolved": "https://registry.npmjs.org/@vrembem/radio/-/radio-3.0.8.tgz",
      "integrity": "sha512-gmyku+4ptj3qzs3id9AIT6DeJa8arA8YLZ+NxWra+xC92DcMrSfSVSlVDOPq2VzrCX+4TlTuQR4H2Tzb4BsM8Q==",
      "requires": {
        "@vrembem/core": "^3.0.8"
      }
    },
    "@vrembem/section": {
      "version": "3.0.8",
      "resolved": "https://registry.npmjs.org/@vrembem/section/-/section-3.0.8.tgz",
      "integrity": "sha512-g38B9PL7lslr0w4rJpPXuPWDXRhkmE7gY2dpnJOJ2LkvhWdRZslUfg49RgyfWVxJq54zbnP+4vdVZM+a33oNdA==",
      "requires": {
        "@vrembem/core": "^3.0.8"
      }
    },
    "@vrembem/switch": {
      "version": "3.0.8",
      "resolved": "https://registry.npmjs.org/@vrembem/switch/-/switch-3.0.8.tgz",
      "integrity": "sha512-TVPkCEqRaH0PNg98wtdfvZ7E//qUlD9/lJ1bu1lDQ/QB8ohugbSCa2sjaVf7qt69huuzHKTFJ6Y9p81LehhkGQ==",
      "requires": {
        "@vrembem/core": "^3.0.8"
      }
    },
    "@vrembem/table": {
      "version": "3.0.8",
      "resolved": "https://registry.npmjs.org/@vrembem/table/-/table-3.0.8.tgz",
      "integrity": "sha512-O3NkgY89kKOjLHjX/n5U1jFMHjVcXFdgtP4SpoDtwtgJtRKzzxGIdJJOVSfMhWKLOxt9UBz33RcdONoprXamQw==",
      "requires": {
        "@vrembem/core": "^3.0.8"
      }
    },
    "@vrembem/utility": {
      "version": "3.0.8",
      "resolved": "https://registry.npmjs.org/@vrembem/utility/-/utility-3.0.8.tgz",
      "integrity": "sha512-HLLmZJL2XaEfIvv+yhIdUFc0ISJX28eqxm4u7powVSXcQVKyT+48znWCEgQgQiVA4C+COueOssTi3m7nSKYQcQ==",
      "requires": {
        "@vrembem/core": "^3.0.8"
      }
    },
    "classnames": {
      "version": "2.2.6"
    },
    "core-js": {
      "version": "3.6.5"
    },
    "feather-icons": {
      "version": "4.29.0",
      "resolved": "https://registry.npmjs.org/feather-icons/-/feather-icons-4.29.0.tgz",
      "integrity": "sha512-Y7VqN9FYb8KdaSF0qD1081HCkm0v4Eq/fpfQYQnubpqi0hXx14k+gF9iqtRys1SIcTEi97xDi/fmsPFZ8xo0GQ==",
      "requires": {
        "classnames": "^2.2.5",
        "core-js": "^3.1.3"
      }
    },
    "focusable-selectors": {
      "version": "0.3.1",
      "resolved": "https://registry.npmjs.org/focusable-selectors/-/focusable-selectors-0.3.1.tgz",
      "integrity": "sha512-5JLtr0e1YJIfmnVlpLiG+av07dd0Xkf/KfswsXcei5KmLfdwOysTQsjF058ynXniujb1fvev7nql1x+CkC5ikw=="
    },
    "list.js": {
      "version": "2.3.1",
      "requires": {
        "string-natural-compare": "^2.0.2"
      }
    },
    "scroll-stash": {
      "version": "1.1.2"
    },
    "string-natural-compare": {
      "version": "2.0.3"
    },
    "svgxuse": {
      "version": "1.2.6"
    },
    "vrembem": {
      "version": "3.0.8",
      "resolved": "https://registry.npmjs.org/vrembem/-/vrembem-3.0.8.tgz",
      "integrity": "sha512-g/nl90KMFSeSXdrLHdhAuB5Mij1qpmNTp9TN/RPtFp2lsGQsYVKFGWR/bBIfYCuI+dXrO+LCAGFxeuMbmYtDmw==",
      "requires": {
        "@vrembem/base": "^3.0.8",
        "@vrembem/breadcrumb": "^3.0.8",
        "@vrembem/button": "^3.0.8",
        "@vrembem/button-group": "^3.0.8",
        "@vrembem/card": "^3.0.8",
        "@vrembem/checkbox": "^3.0.8",
        "@vrembem/core": "^3.0.8",
        "@vrembem/dialog": "^3.0.8",
        "@vrembem/drawer": "^3.0.8",
        "@vrembem/grid": "^3.0.8",
        "@vrembem/icon": "^3.0.8",
        "@vrembem/icon-action": "^3.0.8",
        "@vrembem/input": "^3.0.8",
        "@vrembem/level": "^3.0.8",
        "@vrembem/media": "^3.0.8",
        "@vrembem/menu": "^3.0.8",
        "@vrembem/modal": "^3.0.8",
        "@vrembem/notice": "^3.0.8",
        "@vrembem/popover": "^3.0.8",
        "@vrembem/radio": "^3.0.8",
        "@vrembem/section": "^3.0.8",
        "@vrembem/switch": "^3.0.8",
        "@vrembem/table": "^3.0.8",
        "@vrembem/utility": "^3.0.8"
      }
    },
    "wicg-inert": {
      "version": "3.1.2",
      "resolved": "https://registry.npmjs.org/wicg-inert/-/wicg-inert-3.1.2.tgz",
      "integrity": "sha512-Ba9tGNYxXwaqKEi9sJJvPMKuo063umUPsHN0JJsjrs2j8KDSzkWLMZGZ+MH1Jf1Fq4OWZ5HsESJID6nRza2ang=="
    }
  }
}
