{
  "name": "docs",
  "version": "3.0.22",
  "lockfileVersion": 2,
  "requires": true,
  "packages": {
    "": {
      "name": "docs",
      "version": "3.0.22",
      "dependencies": {
        "feather-icons": "^4.29.2",
        "list.js": "^2.3.1",
        "scroll-stash": "^1.1.2",
        "svgxuse": "^1.2.6"
      }
    },
    "../packages/base": {
      "name": "@vrembem/base",
      "version": "1.37.0",
      "extraneous": true,
      "license": "MIT",
      "dependencies": {
        "@vrembem/core": "^1.37.0"
      }
    },
    "../packages/breadcrumb": {
      "name": "@vrembem/breadcrumb",
      "version": "1.37.0",
      "extraneous": true,
      "license": "MIT",
      "dependencies": {
        "@vrembem/base": "^1.37.0",
        "@vrembem/core": "^1.37.0"
      }
    },
    "../packages/button": {
      "name": "@vrembem/button",
      "version": "1.37.0",
      "extraneous": true,
      "license": "MIT",
      "dependencies": {
        "@vrembem/core": "^1.37.0"
      }
    },
    "../packages/button-group": {
      "name": "@vrembem/button-group",
      "version": "1.37.0",
      "extraneous": true,
      "license": "MIT",
      "dependencies": {
        "@vrembem/core": "^1.37.0"
      }
    },
    "../packages/card": {
      "name": "@vrembem/card",
      "version": "1.37.0",
      "extraneous": true,
      "license": "MIT",
      "dependencies": {
        "@vrembem/core": "^1.37.0"
      }
    },
    "../packages/checkbox": {
      "name": "@vrembem/checkbox",
      "version": "1.37.0",
      "extraneous": true,
      "license": "MIT",
      "dependencies": {
        "@vrembem/core": "^1.37.0"
      }
    },
    "../packages/core": {
      "name": "@vrembem/core",
      "version": "1.37.0",
      "extraneous": true,
      "license": "MIT",
      "dependencies": {
        "focusable-selectors": "^0.3.1"
      }
    },
    "../packages/dialog": {
      "name": "@vrembem/dialog",
      "version": "1.37.0",
      "extraneous": true,
      "license": "MIT",
      "dependencies": {
        "@vrembem/core": "^1.37.0"
      }
    },
    "../packages/drawer": {
      "name": "@vrembem/drawer",
      "version": "1.37.0",
      "extraneous": true,
      "license": "MIT",
      "dependencies": {
        "@vrembem/core": "^1.37.0"
      }
    },
    "../packages/grid": {
      "name": "@vrembem/grid",
      "version": "1.37.0",
      "extraneous": true,
      "license": "MIT",
      "dependencies": {
        "@vrembem/core": "^1.37.0"
      }
    },
    "../packages/icon": {
      "name": "@vrembem/icon",
      "version": "1.37.0",
      "extraneous": true,
      "license": "MIT",
      "dependencies": {
        "@vrembem/core": "^1.37.0"
      }
    },
    "../packages/icon-action": {
      "name": "@vrembem/icon-action",
      "version": "1.37.0",
      "extraneous": true,
      "license": "MIT",
      "dependencies": {
        "@vrembem/core": "^1.37.0"
      }
    },
    "../packages/input": {
      "name": "@vrembem/input",
      "version": "1.37.0",
      "extraneous": true,
      "license": "MIT",
      "dependencies": {
        "@vrembem/core": "^1.37.0"
      }
    },
    "../packages/level": {
      "name": "@vrembem/level",
      "version": "1.37.0",
      "extraneous": true,
      "license": "MIT",
      "dependencies": {
        "@vrembem/core": "^1.37.0"
      }
    },
    "../packages/media": {
      "name": "@vrembem/media",
      "version": "1.37.0",
      "extraneous": true,
      "license": "MIT",
      "dependencies": {
        "@vrembem/core": "^1.37.0"
      }
    },
    "../packages/menu": {
      "name": "@vrembem/menu",
      "version": "1.37.0",
      "extraneous": true,
      "license": "MIT",
      "dependencies": {
        "@vrembem/core": "^1.37.0"
      }
    },
    "../packages/modal": {
      "name": "@vrembem/modal",
      "version": "1.37.0",
      "extraneous": true,
      "license": "MIT",
      "dependencies": {
        "@vrembem/core": "^1.37.0"
      }
    },
    "../packages/notice": {
      "name": "@vrembem/notice",
      "version": "1.37.0",
      "extraneous": true,
      "license": "MIT",
      "dependencies": {
        "@vrembem/core": "^1.37.0"
      }
    },
    "../packages/popover": {
      "name": "@vrembem/popover",
      "version": "1.37.0",
      "extraneous": true,
      "license": "MIT",
      "dependencies": {
        "@popperjs/core": "^2.11.2"
      }
    },
    "../packages/radio": {
      "name": "@vrembem/radio",
      "version": "1.37.0",
      "extraneous": true,
      "license": "MIT",
      "dependencies": {
        "@vrembem/core": "^1.37.0"
      }
    },
    "../packages/section": {
      "name": "@vrembem/section",
      "version": "1.37.0",
      "extraneous": true,
      "license": "MIT",
      "dependencies": {
        "@vrembem/core": "^1.37.0"
      }
    },
    "../packages/switch": {
      "name": "@vrembem/switch",
      "version": "1.37.0",
      "extraneous": true,
      "license": "MIT",
      "dependencies": {
        "@vrembem/core": "^1.37.0"
      }
    },
    "../packages/table": {
      "name": "@vrembem/table",
      "version": "1.37.0",
      "extraneous": true,
      "license": "MIT",
      "dependencies": {
        "@vrembem/core": "^1.37.0"
      }
    },
    "../packages/tooltip": {
      "name": "@vrembem/tooltip",
      "version": "1.37.0",
      "extraneous": true,
      "license": "MIT",
      "dependencies": {
        "@vrembem/core": "^1.37.0"
      }
    },
    "../packages/utility": {
      "name": "@vrembem/utility",
      "version": "1.37.0",
      "extraneous": true,
      "license": "MIT",
      "dependencies": {
        "@vrembem/core": "^1.37.0"
      }
    },
    "../packages/vrembem": {
      "version": "1.37.0",
      "extraneous": true,
      "license": "MIT",
      "dependencies": {
        "@vrembem/base": "^1.37.0",
        "@vrembem/breadcrumb": "^1.37.0",
        "@vrembem/button": "^1.37.0",
        "@vrembem/button-group": "^1.37.0",
        "@vrembem/card": "^1.37.0",
        "@vrembem/checkbox": "^1.37.0",
        "@vrembem/core": "^1.37.0",
        "@vrembem/dialog": "^1.37.0",
        "@vrembem/drawer": "^1.37.0",
        "@vrembem/grid": "^1.37.0",
        "@vrembem/icon": "^1.37.0",
        "@vrembem/icon-action": "^1.37.0",
        "@vrembem/input": "^1.37.0",
        "@vrembem/level": "^1.37.0",
        "@vrembem/media": "^1.37.0",
        "@vrembem/menu": "^1.37.0",
        "@vrembem/modal": "^1.37.0",
        "@vrembem/notice": "^1.37.0",
        "@vrembem/popover": "^1.37.0",
        "@vrembem/radio": "^1.37.0",
        "@vrembem/section": "^1.37.0",
        "@vrembem/switch": "^1.37.0",
        "@vrembem/table": "^1.37.0",
        "@vrembem/tooltip": "^1.37.0",
        "@vrembem/utility": "^1.37.0"
      }
    },
    "node_modules/classnames": {
      "version": "2.2.6",
      "license": "MIT"
    },
    "node_modules/core-js": {
      "version": "3.6.5",
      "hasInstallScript": true,
      "license": "MIT",
      "funding": {
        "type": "opencollective",
        "url": "https://opencollective.com/core-js"
      }
    },
    "node_modules/feather-icons": {
      "version": "4.29.0",
      "resolved": "https://registry.npmjs.org/feather-icons/-/feather-icons-4.29.0.tgz",
      "integrity": "sha512-Y7VqN9FYb8KdaSF0qD1081HCkm0v4Eq/fpfQYQnubpqi0hXx14k+gF9iqtRys1SIcTEi97xDi/fmsPFZ8xo0GQ==",
      "dependencies": {
        "classnames": "^2.2.5",
        "core-js": "^3.1.3"
      }
    },
    "node_modules/list.js": {
      "version": "2.3.1",
      "license": "MIT",
      "dependencies": {
        "string-natural-compare": "^2.0.2"
      },
      "engines": {
        "node": "^6.0 || ^8.0 || ^10.0 || ^12.0 || >=14"
      }
    },
    "node_modules/scroll-stash": {
      "version": "1.1.2",
      "license": "MIT"
    },
    "node_modules/string-natural-compare": {
      "version": "2.0.3",
      "license": "MIT"
    },
    "node_modules/svgxuse": {
      "version": "1.2.6",
      "license": "MIT"
    }
  },
  "dependencies": {
    "classnames": {
      "version": "2.2.6"
    },
    "core-js": {
      "version": "3.6.5"
    },
    "feather-icons": {
      "version": "4.29.0",
      "resolved": "https://registry.npmjs.org/feather-icons/-/feather-icons-4.29.0.tgz",
      "integrity": "sha512-Y7VqN9FYb8KdaSF0qD1081HCkm0v4Eq/fpfQYQnubpqi0hXx14k+gF9iqtRys1SIcTEi97xDi/fmsPFZ8xo0GQ==",
      "requires": {
        "classnames": "^2.2.5",
        "core-js": "^3.1.3"
      }
    },
    "list.js": {
      "version": "2.3.1",
      "requires": {
        "string-natural-compare": "^2.0.2"
      }
    },
    "scroll-stash": {
      "version": "1.1.2"
    },
    "string-natural-compare": {
      "version": "2.0.3"
    },
    "svgxuse": {
      "version": "1.2.6"
    }
  }
}