{
	"name": "@vrembem/docs",
	"version": "1.15.0",
	"lockfileVersion": 1,
	"requires": true,
	"dependencies": {
		"@vrembem/arrow": {
			"version": "1.15.0",
			"resolved": "https://registry.npmjs.org/@vrembem/arrow/-/arrow-1.15.0.tgz",
			"integrity": "sha512-916jPCLUFgsnNLePgPjGVuqzpn/AN4TKVbye5gzvFFd7YSeVBbK4vz0hF1KObpe9uG1Jo7DReZN8PxfXiXRbUg==",
			"requires": {
				"@vrembem/core": "^1.15.0"
			}
		},
		"@vrembem/base": {
			"version": "1.15.0",
			"resolved": "https://registry.npmjs.org/@vrembem/base/-/base-1.15.0.tgz",
			"integrity": "sha512-mGF1Q4wo4Y8TR+wq51L1+qFnpPDidywFvreV3bVyXPbVhLV6PtnoGaTy4oGe5eUF9m8VpO44IgnROxJkxwsEpw==",
			"requires": {
				"@vrembem/core": "^1.15.0",
				"@vrembem/utility": "^1.15.0"
			}
		},
		"@vrembem/breadcrumb": {
			"version": "1.15.0",
			"resolved": "https://registry.npmjs.org/@vrembem/breadcrumb/-/breadcrumb-1.15.0.tgz",
			"integrity": "sha512-w/dZW+tK64VD0oy02bDpaGp8FPp/k4U7iNR1Fo88/dHxA7hhkEXLiDZ9ENwxaM32HnpYg9TwXKe3/2L8XlY2Ug==",
			"requires": {
				"@vrembem/base": "^1.15.0",
				"@vrembem/core": "^1.15.0"
			}
		},
		"@vrembem/button": {
			"version": "1.15.0",
			"resolved": "https://registry.npmjs.org/@vrembem/button/-/button-1.15.0.tgz",
			"integrity": "sha512-h0DXH2wo0FLMtf1nxQNFUVT775chtx0xuqsKx/vdbZeWq1W4IYBtXnsxDfYLmC++g6p30/yMAbIn/hJ9EyQzfg==",
			"requires": {
				"@vrembem/core": "^1.15.0"
			}
		},
		"@vrembem/button-group": {
			"version": "1.15.0",
			"resolved": "https://registry.npmjs.org/@vrembem/button-group/-/button-group-1.15.0.tgz",
			"integrity": "sha512-DVCVatIvIHcQy1Jegu1Qhch2qCC6ewhXLQf+UuFMSIYAohZ3sVwlh0vaK8PdSloh5R0Pfy4GcN9e5olRJt5V7g==",
			"requires": {
				"@vrembem/core": "^1.15.0"
			}
		},
		"@vrembem/card": {
			"version": "1.15.0",
			"resolved": "https://registry.npmjs.org/@vrembem/card/-/card-1.15.0.tgz",
			"integrity": "sha512-olevetWzvHviFPOVf8XRAbI+XqNGKZ/Gqu2jYsh+gb/X+9ojY4vPq7ospNMMeFDdptxlGYDqcCjJa+A7Uhwq4g==",
			"requires": {
				"@vrembem/core": "^1.15.0"
			}
		},
		"@vrembem/checkbox": {
			"version": "1.15.0",
			"resolved": "https://registry.npmjs.org/@vrembem/checkbox/-/checkbox-1.15.0.tgz",
			"integrity": "sha512-G9bcMPYPL0uAwWt+VvuwKqvRMJVc8BK/K3+w3kFllMXq9uOggE5kaqVYscL9SqLQwUGiPAIxM4Y1IYKjj/ZfQA==",
			"requires": {
				"@vrembem/core": "^1.15.0"
			}
		},
		"@vrembem/container": {
			"version": "1.15.0",
			"resolved": "https://registry.npmjs.org/@vrembem/container/-/container-1.15.0.tgz",
			"integrity": "sha512-vRduvbt4eDDaKdiLi2NOvWi0PKZIvnBi40Be+i9ETYbo6rXHNBomgYnTZQwh7AbFQjFyso/ofRGukDpWzBCqIQ==",
			"requires": {
				"@vrembem/core": "^1.15.0"
			}
		},
		"@vrembem/core": {
			"version": "1.15.0",
			"resolved": "https://registry.npmjs.org/@vrembem/core/-/core-1.15.0.tgz",
			"integrity": "sha512-3lSHnILZoXb5XfBQUEM/PCrT7k4Br7FT6hHf4T6CC3C+Z970c8x02Sm1Hj1/kV21brZI1YYF+3okz8ms9cEs9Q=="
		},
		"@vrembem/dialog": {
			"version": "1.15.0",
			"resolved": "https://registry.npmjs.org/@vrembem/dialog/-/dialog-1.15.0.tgz",
			"integrity": "sha512-zakddlwHrCgYCotdBcRLl/V3XDLFHH00C9mg5Ks04OUR+qSueaoiafqR4rDaDSJPuy3Xagc8EfJMjnDzCDkCsg==",
			"requires": {
				"@vrembem/core": "^1.15.0"
			}
		},
		"@vrembem/drawer": {
			"version": "1.15.0",
			"resolved": "https://registry.npmjs.org/@vrembem/drawer/-/drawer-1.15.0.tgz",
			"integrity": "sha512-qrenJ5q8qKrkm0XI7PUfkG2yCDZPGWM45ZFAtL7dlVDwjC17UThAZRF504RDZ9Js52mDCt5cOa3TNJEAgcQ3+g==",
			"requires": {
				"@vrembem/core": "^1.15.0"
			}
		},
		"@vrembem/dropdown": {
			"version": "1.15.0",
			"resolved": "https://registry.npmjs.org/@vrembem/dropdown/-/dropdown-1.15.0.tgz",
			"integrity": "sha512-JaOJKL8BYn/FScOXKp16fxTQg6xFsKVQELZPZUdR7+DcL5it2UzpBUtV6J193s4YHltxiLwN+KUIK2xhHuF4Tw==",
			"requires": {
				"@vrembem/core": "^1.15.0"
			}
		},
		"@vrembem/grid": {
			"version": "1.15.0",
			"resolved": "https://registry.npmjs.org/@vrembem/grid/-/grid-1.15.0.tgz",
			"integrity": "sha512-OslE2OGgsLgfAmMidJt6hlHN4hCoXmsmas6Bk7/jSzamSK9iXnp0EePGVjivgwRc/uDuyt80rR9H/JkQatYXpQ==",
			"requires": {
				"@vrembem/core": "^1.15.0"
			}
		},
		"@vrembem/icon": {
			"version": "1.15.0",
			"resolved": "https://registry.npmjs.org/@vrembem/icon/-/icon-1.15.0.tgz",
			"integrity": "sha512-W8Yj/rTe+0Jl0TsdYz3AtHUBx5ExkN+yd2QYZw8178J4SvZCnLQHWiMO2qYDKWgL0NKnH0TQUprkxfX4eYIAJg==",
			"requires": {
				"@vrembem/core": "^1.15.0"
			}
		},
		"@vrembem/icon-action": {
			"version": "1.15.0",
			"resolved": "https://registry.npmjs.org/@vrembem/icon-action/-/icon-action-1.15.0.tgz",
			"integrity": "sha512-st8t/0EPf4SqPIm6+eR8b2Zcm5xW2lv8tGAVWiLBue/Xi3TAGY6t+vUu+LDhI1ZVea7VfCoAi+P9zmL2h+NRCQ==",
			"requires": {
				"@vrembem/core": "^1.15.0"
			}
		},
		"@vrembem/input": {
			"version": "1.15.0",
			"resolved": "https://registry.npmjs.org/@vrembem/input/-/input-1.15.0.tgz",
			"integrity": "sha512-vnsqa3xkBX/Sw53hi/5qGT8Xtltt4FIS3XTIZv82wsgIxuBx/YZvPIz5kP0cdlc7Fni6C2pgnPXcsNoLrDycAg==",
			"requires": {
				"@vrembem/core": "^1.15.0"
			}
		},
		"@vrembem/level": {
			"version": "1.15.0",
			"resolved": "https://registry.npmjs.org/@vrembem/level/-/level-1.15.0.tgz",
			"integrity": "sha512-HvBfORmnF03z9AlGvEBXT0wddTUaJXrN0boxE3sNK2PbTuIKVv/T+TV5vNqYt8YdPhiUib0iygQcNKHAWu+2rQ==",
			"requires": {
				"@vrembem/core": "^1.15.0"
			}
		},
		"@vrembem/media": {
			"version": "1.15.0",
			"resolved": "https://registry.npmjs.org/@vrembem/media/-/media-1.15.0.tgz",
			"integrity": "sha512-yLaW1S0FywYTy5i/c+WSLjPfAQbbcbHCbpUsshEsZVZByNWHcQEp9b0wxny/CFC+tGXKcZWCLUJgwyIUbje9Hw==",
			"requires": {
				"@vrembem/core": "^1.15.0"
			}
		},
		"@vrembem/menu": {
			"version": "1.15.0",
			"resolved": "https://registry.npmjs.org/@vrembem/menu/-/menu-1.15.0.tgz",
			"integrity": "sha512-hxl5zSx5SgwyZDzmku8E+jKgW1RbE4rUXMEaOTxD2ZZc39IYixWJdqkzAfGXjY9rxwHrbHQiPuAb/vxONnOHsA==",
			"requires": {
				"@vrembem/core": "^1.15.0"
			}
		},
		"@vrembem/modal": {
			"version": "1.15.0",
			"resolved": "https://registry.npmjs.org/@vrembem/modal/-/modal-1.15.0.tgz",
			"integrity": "sha512-m9tl3Qzzn0KwkW8t0MYSrKapYcgLN7/DrXuXbeMRu5a/WIG6qGTGLUm3CXaVtAHjtlnObAyAWbLcpWD3VD/XIw==",
			"requires": {
				"@vrembem/core": "^1.15.0"
			}
		},
		"@vrembem/notice": {
			"version": "1.15.0",
			"resolved": "https://registry.npmjs.org/@vrembem/notice/-/notice-1.15.0.tgz",
			"integrity": "sha512-EScknF3bGxpHy/DyOsXH4TZHIl4BRAjnIrP4mLLgXGoT8a9rtLq9i/IAbV55MjwS7WkUcPPJ1uxs0dKVaxc+Lw==",
			"requires": {
				"@vrembem/base": "^1.15.0",
				"@vrembem/core": "^1.15.0",
				"@vrembem/utility": "^1.15.0"
			}
		},
		"@vrembem/panel": {
			"version": "1.15.0",
			"resolved": "https://registry.npmjs.org/@vrembem/panel/-/panel-1.15.0.tgz",
			"integrity": "sha512-KEYt0ptYQdXYvCmhF7U1OlpVrPnls3ELWoZmlMwL9s5Bs3JSYef6KZiS+cq63iqa+knFaSJEzI7ZLFZL1hTYtQ==",
			"requires": {
				"@vrembem/core": "^1.15.0"
			}
		},
		"@vrembem/radio": {
			"version": "1.15.0",
			"resolved": "https://registry.npmjs.org/@vrembem/radio/-/radio-1.15.0.tgz",
			"integrity": "sha512-Yc8IvHIqp7xij3F6QAeu8plrRFvpW4hvHo535pvESrTUyPsHOpXT+UmlLMGW/OPE7QyE3/vvHvfeRrKFwfZmMw==",
			"requires": {
				"@vrembem/core": "^1.15.0"
			}
		},
		"@vrembem/section": {
			"version": "1.15.0",
			"resolved": "https://registry.npmjs.org/@vrembem/section/-/section-1.15.0.tgz",
			"integrity": "sha512-zyVeuO3U3AShqO+b9JULXgE19a1AjAD7ecaRLb2/HKm5wdJzghtazYdm4QTSOik+7NQwoTUkY7g6RT86SZQqeA==",
			"requires": {
				"@vrembem/core": "^1.15.0"
			}
		},
		"@vrembem/switch": {
			"version": "1.15.0",
			"resolved": "https://registry.npmjs.org/@vrembem/switch/-/switch-1.15.0.tgz",
			"integrity": "sha512-41DJlH2Hs1kqphWHjusv56wAX2jz/3DJEdlk0mTPchIu5qKiP6nuwAN8BfvURwlpvhA46plX85wNii1/fRvZ5g==",
			"requires": {
				"@vrembem/core": "^1.15.0"
			}
		},
		"@vrembem/table": {
			"version": "1.15.0",
			"resolved": "https://registry.npmjs.org/@vrembem/table/-/table-1.15.0.tgz",
			"integrity": "sha512-YparhkgJi4khPIUDFAwYARUo/pCAt/QeIQ/R/yDDI6JwpZbZVRF3TYQktiQgX7Vq21QrLqicXiLxnEfe6uOfiQ==",
			"requires": {
				"@vrembem/core": "^1.15.0"
			}
		},
		"@vrembem/tooltip": {
			"version": "1.15.0",
			"resolved": "https://registry.npmjs.org/@vrembem/tooltip/-/tooltip-1.15.0.tgz",
			"integrity": "sha512-q7Czbef1mtprNyt3REtuWP0mfuso6liewv8P/mu4U+XOliC1AGHwA1a0XWMQze/j45kbw/fFEnTLFcm6rhknrA==",
			"requires": {
				"@vrembem/core": "^1.15.0"
			}
		},
		"@vrembem/utility": {
			"version": "1.15.0",
			"resolved": "https://registry.npmjs.org/@vrembem/utility/-/utility-1.15.0.tgz",
			"integrity": "sha512-LuhayLlMwbk+ug3nCBn1B4PFNNcBU+DovjWU6y71m/tpp08azK0J0B83qdQWto0GF8P47Rd/egX8Au+tmon5rw==",
			"requires": {
				"@vrembem/core": "^1.15.0"
			}
		},
		"classnames": {
			"version": "2.2.6",
			"resolved": "https://registry.npmjs.org/classnames/-/classnames-2.2.6.tgz",
			"integrity": "sha512-JR/iSQOSt+LQIWwrwEzJ9uk0xfN3mTVYMwt1Ir5mUcSN6pU+V4zQFFaJsclJbPuAUQH+yfWef6tm7l1quW3C8Q=="
		},
		"core-js": {
			"version": "3.6.4",
			"resolved": "https://registry.npmjs.org/core-js/-/core-js-3.6.4.tgz",
			"integrity": "sha512-4paDGScNgZP2IXXilaffL9X7968RuvwlkK3xWtZRVqgd8SYNiVKRJvkFd1aqqEuPfN7E68ZHEp9hDj6lHj4Hyw=="
		},
		"feather-icons": {
			"version": "4.28.0",
			"resolved": "https://registry.npmjs.org/feather-icons/-/feather-icons-4.28.0.tgz",
			"integrity": "sha512-gRdqKESXRBUZn6Nl0VBq2wPHKRJgZz7yblrrc2lYsS6odkNFDnA4bqvrlEVRUPjE1tFax+0TdbJKZ31ziJuzjg==",
			"requires": {
				"classnames": "^2.2.5",
				"core-js": "^3.1.3"
			}
		},
		"list.js": {
			"version": "1.5.0",
			"resolved": "https://registry.npmjs.org/list.js/-/list.js-1.5.0.tgz",
			"integrity": "sha1-pMv8goHd78Av2y0wyHSL+uJfvNo=",
			"requires": {
				"string-natural-compare": "^2.0.2"
			}
		},
		"lodash.isempty": {
			"version": "4.4.0",
			"resolved": "https://registry.npmjs.org/lodash.isempty/-/lodash.isempty-4.4.0.tgz",
			"integrity": "sha1-b4bL7di+TsmHvpqvM8loTbGzHn4="
		},
		"lodash.throttle": {
			"version": "4.1.1",
			"resolved": "https://registry.npmjs.org/lodash.throttle/-/lodash.throttle-4.1.1.tgz",
			"integrity": "sha1-wj6RtxAkKscMN/HhzaknTMOb8vQ="
		},
		"scroll-stash": {
			"version": "1.0.11",
			"resolved": "https://registry.npmjs.org/scroll-stash/-/scroll-stash-1.0.11.tgz",
			"integrity": "sha512-aAsFU7LmzC6dliq/axf64Qo4KghbA2OzO8yawB6xEjITqKwzy6NHP9+1eppP6vVrb7IcaUaOLvbbB/oDnQSzIA==",
			"requires": {
				"lodash.isempty": "^4.4.0",
				"lodash.throttle": "^4.1.1"
			}
		},
		"string-natural-compare": {
			"version": "2.0.3",
			"resolved": "https://registry.npmjs.org/string-natural-compare/-/string-natural-compare-2.0.3.tgz",
			"integrity": "sha512-4Kcl12rNjc+6EKhY8QyDVuQTAlMWwRiNbsxnVwBUKFr7dYPQuXVrtNU4sEkjF9LHY0AY6uVbB3ktbkIH4LC+BQ=="
		},
		"svgxuse": {
			"version": "1.2.6",
			"resolved": "https://registry.npmjs.org/svgxuse/-/svgxuse-1.2.6.tgz",
			"integrity": "sha512-0KC0I24LDskC2vaVjUQfFmdtKJk8wFwMYOjCci0HlhBRSc0F86dZRqNBHf6BoS5bibQ7chgnBQWyJCTYkzVuSA=="
		},
		"vrembem": {
			"version": "1.15.0",
			"resolved": "https://registry.npmjs.org/vrembem/-/vrembem-1.15.0.tgz",
			"integrity": "sha512-YKtThbYlDAlRjmYcX9/WnvFb34NZ/h8q7wZ/RfmugMxQoijEdKEs0vqES7nQmGbsk2+CYZsuGxx6iqyedxXNwA==",
			"requires": {
				"@vrembem/arrow": "^1.15.0",
				"@vrembem/base": "^1.15.0",
				"@vrembem/breadcrumb": "^1.15.0",
				"@vrembem/button": "^1.15.0",
				"@vrembem/button-group": "^1.15.0",
				"@vrembem/card": "^1.15.0",
				"@vrembem/checkbox": "^1.15.0",
				"@vrembem/container": "^1.15.0",
				"@vrembem/core": "^1.15.0",
				"@vrembem/dialog": "^1.15.0",
				"@vrembem/drawer": "^1.15.0",
				"@vrembem/dropdown": "^1.15.0",
				"@vrembem/grid": "^1.15.0",
				"@vrembem/icon": "^1.15.0",
				"@vrembem/icon-action": "^1.15.0",
				"@vrembem/input": "^1.15.0",
				"@vrembem/level": "^1.15.0",
				"@vrembem/media": "^1.15.0",
				"@vrembem/menu": "^1.15.0",
				"@vrembem/modal": "^1.15.0",
				"@vrembem/notice": "^1.15.0",
				"@vrembem/panel": "^1.15.0",
				"@vrembem/radio": "^1.15.0",
				"@vrembem/section": "^1.15.0",
				"@vrembem/switch": "^1.15.0",
				"@vrembem/table": "^1.15.0",
				"@vrembem/tooltip": "^1.15.0",
				"@vrembem/utility": "^1.15.0"
			}
		},
		"wicg-inert": {
			"version": "3.0.3",
			"resolved": "https://registry.npmjs.org/wicg-inert/-/wicg-inert-3.0.3.tgz",
			"integrity": "sha512-XwXf8K0NN4cpagjBlZ2/j/5Sjf6dW3HNbfywEy1y6Z8PJKvSHVGiuc5Id/9RZ6EmGq+GQCGTo7B2SK0Misbr6g=="
		}
	}
}
